// !$*UTF8*$!
{
	archiveVersion = 1;
	classes = {
	};
	objectVersion = 46;
	objects = {

/* Begin PBXBuildFile section */
		2E237B0A175232940015B5C6 /* border_big.png in Resources */ = {isa = PBXBuildFile; fileRef = 2E237B06175232940015B5C6 /* border_big.png */; };
		2E237B0B175232940015B5C6 /* border_small_1.png in Resources */ = {isa = PBXBuildFile; fileRef = 2E237B07175232940015B5C6 /* border_small_1.png */; };
		2E237B0C175232940015B5C6 /* border_small_2.png in Resources */ = {isa = PBXBuildFile; fileRef = 2E237B08175232940015B5C6 /* border_small_2.png */; };
		2E237B0D175232940015B5C6 /* border_small_3.png in Resources */ = {isa = PBXBuildFile; fileRef = 2E237B09175232940015B5C6 /* border_small_3.png */; };
		2E237B111753B7B90015B5C6 /* WZMGameControllerTests.m in Sources */ = {isa = PBXBuildFile; fileRef = 2E237B101753B7B90015B5C6 /* WZMGameControllerTests.m */; };
		2E237B151753B8F40015B5C6 /* WZMGameController.m in Sources */ = {isa = PBXBuildFile; fileRef = 2E237B141753B8F40015B5C6 /* WZMGameController.m */; };
		2E237B191755355A0015B5C6 /* WZMArrayHelper.m in Sources */ = {isa = PBXBuildFile; fileRef = 2E237B181755355A0015B5C6 /* WZMArrayHelper.m */; };
		2E237B1C1755385D0015B5C6 /* WZMArrayHelperTests.m in Sources */ = {isa = PBXBuildFile; fileRef = 2E237B1B1755385D0015B5C6 /* WZMArrayHelperTests.m */; };
		2E237B1E1757DA980015B5C6 /* Levels.plist in Resources */ = {isa = PBXBuildFile; fileRef = 2E237B1D1757DA980015B5C6 /* Levels.plist */; };
		2E2D0BE717A6D0B600C7BF59 /* acorns.png in Resources */ = {isa = PBXBuildFile; fileRef = 2E2D0B7317A6D0B600C7BF59 /* acorns.png */; };
		2E2D0BE817A6D0B600C7BF59 /* ant.png in Resources */ = {isa = PBXBuildFile; fileRef = 2E2D0B7417A6D0B600C7BF59 /* ant.png */; };
		2E2D0BE917A6D0B600C7BF59 /* ant_2.png in Resources */ = {isa = PBXBuildFile; fileRef = 2E2D0B7517A6D0B600C7BF59 /* ant_2.png */; };
		2E2D0BEA17A6D0B600C7BF59 /* anteater.png in Resources */ = {isa = PBXBuildFile; fileRef = 2E2D0B7617A6D0B600C7BF59 /* anteater.png */; };
		2E2D0BEB17A6D0B600C7BF59 /* anthill.png in Resources */ = {isa = PBXBuildFile; fileRef = 2E2D0B7717A6D0B600C7BF59 /* anthill.png */; };
		2E2D0BEC17A6D0B600C7BF59 /* apple.png in Resources */ = {isa = PBXBuildFile; fileRef = 2E2D0B7817A6D0B600C7BF59 /* apple.png */; };
		2E2D0BED17A6D0B600C7BF59 /* armadillo.png in Resources */ = {isa = PBXBuildFile; fileRef = 2E2D0B7917A6D0B600C7BF59 /* armadillo.png */; };
		2E2D0BEE17A6D0B600C7BF59 /* armadillo_tail.png in Resources */ = {isa = PBXBuildFile; fileRef = 2E2D0B7A17A6D0B600C7BF59 /* armadillo_tail.png */; };
		2E2D0BEF17A6D0B600C7BF59 /* banana.png in Resources */ = {isa = PBXBuildFile; fileRef = 2E2D0B7B17A6D0B600C7BF59 /* banana.png */; };
		2E2D0BF017A6D0B600C7BF59 /* bat.png in Resources */ = {isa = PBXBuildFile; fileRef = 2E2D0B7C17A6D0B600C7BF59 /* bat.png */; };
		2E2D0BF117A6D0B600C7BF59 /* beach.png in Resources */ = {isa = PBXBuildFile; fileRef = 2E2D0B7D17A6D0B600C7BF59 /* beach.png */; };
		2E2D0BF217A6D0B600C7BF59 /* bear.png in Resources */ = {isa = PBXBuildFile; fileRef = 2E2D0B7E17A6D0B600C7BF59 /* bear.png */; };
		2E2D0BF317A6D0B600C7BF59 /* beaver.png in Resources */ = {isa = PBXBuildFile; fileRef = 2E2D0B7F17A6D0B600C7BF59 /* beaver.png */; };
		2E2D0BF417A6D0B600C7BF59 /* beaver_2.png in Resources */ = {isa = PBXBuildFile; fileRef = 2E2D0B8017A6D0B600C7BF59 /* beaver_2.png */; };
		2E2D0BF517A6D0B600C7BF59 /* beaver_dam.png in Resources */ = {isa = PBXBuildFile; fileRef = 2E2D0B8117A6D0B600C7BF59 /* beaver_dam.png */; };
		2E2D0BF617A6D0B600C7BF59 /* beaver_tail.png in Resources */ = {isa = PBXBuildFile; fileRef = 2E2D0B8217A6D0B600C7BF59 /* beaver_tail.png */; };
		2E2D0BF717A6D0B600C7BF59 /* bee.png in Resources */ = {isa = PBXBuildFile; fileRef = 2E2D0B8317A6D0B600C7BF59 /* bee.png */; };
		2E2D0BF817A6D0B600C7BF59 /* bee_hive.png in Resources */ = {isa = PBXBuildFile; fileRef = 2E2D0B8417A6D0B600C7BF59 /* bee_hive.png */; };
		2E2D0BF917A6D0B600C7BF59 /* boar.png in Resources */ = {isa = PBXBuildFile; fileRef = 2E2D0B8517A6D0B600C7BF59 /* boar.png */; };
		2E2D0BFA17A6D0B600C7BF59 /* bone.png in Resources */ = {isa = PBXBuildFile; fileRef = 2E2D0B8617A6D0B600C7BF59 /* bone.png */; };
		2E2D0BFB17A6D0B600C7BF59 /* camel.png in Resources */ = {isa = PBXBuildFile; fileRef = 2E2D0B8717A6D0B600C7BF59 /* camel.png */; };
		2E2D0BFC17A6D0B600C7BF59 /* carrot.png in Resources */ = {isa = PBXBuildFile; fileRef = 2E2D0B8817A6D0B600C7BF59 /* carrot.png */; };
		2E2D0BFD17A6D0B600C7BF59 /* cat.png in Resources */ = {isa = PBXBuildFile; fileRef = 2E2D0B8917A6D0B600C7BF59 /* cat.png */; };
		2E2D0BFE17A6D0B600C7BF59 /* caterpillar.png in Resources */ = {isa = PBXBuildFile; fileRef = 2E2D0B8A17A6D0B600C7BF59 /* caterpillar.png */; };
		2E2D0BFF17A6D0B600C7BF59 /* cave.png in Resources */ = {isa = PBXBuildFile; fileRef = 2E2D0B8B17A6D0B600C7BF59 /* cave.png */; };
		2E2D0C0017A6D0B600C7BF59 /* chameleon.png in Resources */ = {isa = PBXBuildFile; fileRef = 2E2D0B8C17A6D0B600C7BF59 /* chameleon.png */; };
		2E2D0C0117A6D0B600C7BF59 /* chameleon_tail.png in Resources */ = {isa = PBXBuildFile; fileRef = 2E2D0B8D17A6D0B600C7BF59 /* chameleon_tail.png */; };
		2E2D0C0217A6D0B600C7BF59 /* cheese.png in Resources */ = {isa = PBXBuildFile; fileRef = 2E2D0B8E17A6D0B600C7BF59 /* cheese.png */; };
		2E2D0C0317A6D0B600C7BF59 /* cow.png in Resources */ = {isa = PBXBuildFile; fileRef = 2E2D0B8F17A6D0B600C7BF59 /* cow.png */; };
		2E2D0C0417A6D0B600C7BF59 /* crab.png in Resources */ = {isa = PBXBuildFile; fileRef = 2E2D0B9017A6D0B600C7BF59 /* crab.png */; };
		2E2D0C0517A6D0B600C7BF59 /* crocodile.png in Resources */ = {isa = PBXBuildFile; fileRef = 2E2D0B9117A6D0B600C7BF59 /* crocodile.png */; };
		2E2D0C0617A6D0B600C7BF59 /* crocodile_tail.png in Resources */ = {isa = PBXBuildFile; fileRef = 2E2D0B9217A6D0B600C7BF59 /* crocodile_tail.png */; };
		2E2D0C0717A6D0B600C7BF59 /* deer.png in Resources */ = {isa = PBXBuildFile; fileRef = 2E2D0B9317A6D0B600C7BF59 /* deer.png */; };
		2E2D0C0817A6D0B600C7BF59 /* desert.png in Resources */ = {isa = PBXBuildFile; fileRef = 2E2D0B9417A6D0B600C7BF59 /* desert.png */; };
		2E2D0C0917A6D0B600C7BF59 /* dog.png in Resources */ = {isa = PBXBuildFile; fileRef = 2E2D0B9517A6D0B600C7BF59 /* dog.png */; };
		2E2D0C0A17A6D0B600C7BF59 /* dog_2.png in Resources */ = {isa = PBXBuildFile; fileRef = 2E2D0B9617A6D0B600C7BF59 /* dog_2.png */; };
		2E2D0C0B17A6D0B600C7BF59 /* doghouse.png in Resources */ = {isa = PBXBuildFile; fileRef = 2E2D0B9717A6D0B600C7BF59 /* doghouse.png */; };
		2E2D0C0C17A6D0B600C7BF59 /* dove.png in Resources */ = {isa = PBXBuildFile; fileRef = 2E2D0B9817A6D0B600C7BF59 /* dove.png */; };
		2E2D0C0D17A6D0B600C7BF59 /* dove_tail.png in Resources */ = {isa = PBXBuildFile; fileRef = 2E2D0B9917A6D0B600C7BF59 /* dove_tail.png */; };
		2E2D0C0E17A6D0B600C7BF59 /* eucalyptus.png in Resources */ = {isa = PBXBuildFile; fileRef = 2E2D0B9A17A6D0B600C7BF59 /* eucalyptus.png */; };
		2E2D0C0F17A6D0B600C7BF59 /* farm.png in Resources */ = {isa = PBXBuildFile; fileRef = 2E2D0B9B17A6D0B600C7BF59 /* farm.png */; };
		2E2D0C1017A6D0B600C7BF59 /* fish.png in Resources */ = {isa = PBXBuildFile; fileRef = 2E2D0B9C17A6D0B600C7BF59 /* fish.png */; };
		2E2D0C1117A6D0B600C7BF59 /* fly.png in Resources */ = {isa = PBXBuildFile; fileRef = 2E2D0B9D17A6D0B600C7BF59 /* fly.png */; };
		2E2D0C1217A6D0B600C7BF59 /* forest.png in Resources */ = {isa = PBXBuildFile; fileRef = 2E2D0B9E17A6D0B600C7BF59 /* forest.png */; };
		2E2D0C1317A6D0B600C7BF59 /* fox.png in Resources */ = {isa = PBXBuildFile; fileRef = 2E2D0B9F17A6D0B600C7BF59 /* fox.png */; };
		2E2D0C1417A6D0B600C7BF59 /* fox_tail.png in Resources */ = {isa = PBXBuildFile; fileRef = 2E2D0BA017A6D0B600C7BF59 /* fox_tail.png */; };
		2E2D0C1517A6D0B600C7BF59 /* frog.png in Resources */ = {isa = PBXBuildFile; fileRef = 2E2D0BA117A6D0B600C7BF59 /* frog.png */; };
		2E2D0C1617A6D0B600C7BF59 /* frog_small.png in Resources */ = {isa = PBXBuildFile; fileRef = 2E2D0BA217A6D0B600C7BF59 /* frog_small.png */; };
		2E2D0C1717A6D0B600C7BF59 /* grass.png in Resources */ = {isa = PBXBuildFile; fileRef = 2E2D0BA317A6D0B600C7BF59 /* grass.png */; };
		2E2D0C1817A6D0B600C7BF59 /* hay.png in Resources */ = {isa = PBXBuildFile; fileRef = 2E2D0BA417A6D0B600C7BF59 /* hay.png */; };
		2E2D0C1917A6D0B600C7BF59 /* hedgehog.png in Resources */ = {isa = PBXBuildFile; fileRef = 2E2D0BA517A6D0B600C7BF59 /* hedgehog.png */; };
		2E2D0C1A17A6D0B600C7BF59 /* hen_house.png in Resources */ = {isa = PBXBuildFile; fileRef = 2E2D0BA617A6D0B600C7BF59 /* hen_house.png */; };
		2E2D0C1B17A6D0B600C7BF59 /* hollow.png in Resources */ = {isa = PBXBuildFile; fileRef = 2E2D0BA717A6D0B600C7BF59 /* hollow.png */; };
		2E2D0C1C17A6D0B600C7BF59 /* honey.png in Resources */ = {isa = PBXBuildFile; fileRef = 2E2D0BA817A6D0B600C7BF59 /* honey.png */; };
		2E2D0C1D17A6D0B600C7BF59 /* horse.png in Resources */ = {isa = PBXBuildFile; fileRef = 2E2D0BA917A6D0B600C7BF59 /* horse.png */; };
		2E2D0C1E17A6D0B600C7BF59 /* horse_2.png in Resources */ = {isa = PBXBuildFile; fileRef = 2E2D0BAA17A6D0B600C7BF59 /* horse_2.png */; };
		2E2D0C1F17A6D0B600C7BF59 /* horse_tail.png in Resources */ = {isa = PBXBuildFile; fileRef = 2E2D0BAB17A6D0B600C7BF59 /* horse_tail.png */; };
		2E2D0C2017A6D0B600C7BF59 /* ice.png in Resources */ = {isa = PBXBuildFile; fileRef = 2E2D0BAC17A6D0B600C7BF59 /* ice.png */; };
		2E2D0C2117A6D0B600C7BF59 /* kangaroo.png in Resources */ = {isa = PBXBuildFile; fileRef = 2E2D0BAD17A6D0B600C7BF59 /* kangaroo.png */; };
		2E2D0C2217A6D0B600C7BF59 /* kangaroo_tail.png in Resources */ = {isa = PBXBuildFile; fileRef = 2E2D0BAE17A6D0B600C7BF59 /* kangaroo_tail.png */; };
		2E2D0C2317A6D0B600C7BF59 /* koala.png in Resources */ = {isa = PBXBuildFile; fileRef = 2E2D0BAF17A6D0B600C7BF59 /* koala.png */; };
		2E2D0C2417A6D0B600C7BF59 /* lake.png in Resources */ = {isa = PBXBuildFile; fileRef = 2E2D0BB017A6D0B600C7BF59 /* lake.png */; };
		2E2D0C2517A6D0B600C7BF59 /* leaves.png in Resources */ = {isa = PBXBuildFile; fileRef = 2E2D0BB117A6D0B600C7BF59 /* leaves.png */; };
		2E2D0C2617A6D0B600C7BF59 /* lion.png in Resources */ = {isa = PBXBuildFile; fileRef = 2E2D0BB217A6D0B600C7BF59 /* lion.png */; };
		2E2D0C2717A6D0B600C7BF59 /* meat.png in Resources */ = {isa = PBXBuildFile; fileRef = 2E2D0BB317A6D0B600C7BF59 /* meat.png */; };
		2E2D0C2817A6D0B600C7BF59 /* milk.png in Resources */ = {isa = PBXBuildFile; fileRef = 2E2D0BB417A6D0B600C7BF59 /* milk.png */; };
		2E2D0C2917A6D0B600C7BF59 /* mole.png in Resources */ = {isa = PBXBuildFile; fileRef = 2E2D0BB517A6D0B600C7BF59 /* mole.png */; };
		2E2D0C2A17A6D0B600C7BF59 /* mole_hill.png in Resources */ = {isa = PBXBuildFile; fileRef = 2E2D0BB617A6D0B600C7BF59 /* mole_hill.png */; };
		2E2D0C2B17A6D0B600C7BF59 /* monkey.png in Resources */ = {isa = PBXBuildFile; fileRef = 2E2D0BB717A6D0B600C7BF59 /* monkey.png */; };
		2E2D0C2C17A6D0B600C7BF59 /* mountain_goat.png in Resources */ = {isa = PBXBuildFile; fileRef = 2E2D0BB817A6D0B600C7BF59 /* mountain_goat.png */; };
		2E2D0C2D17A6D0B600C7BF59 /* mouse.png in Resources */ = {isa = PBXBuildFile; fileRef = 2E2D0BB917A6D0B600C7BF59 /* mouse.png */; };
		2E2D0C2E17A6D0B600C7BF59 /* mouse_2.png in Resources */ = {isa = PBXBuildFile; fileRef = 2E2D0BBA17A6D0B600C7BF59 /* mouse_2.png */; };
		2E2D0C2F17A6D0B600C7BF59 /* mouse_hole.png in Resources */ = {isa = PBXBuildFile; fileRef = 2E2D0BBB17A6D0B600C7BF59 /* mouse_hole.png */; };
		2E2D0C3017A6D0B600C7BF59 /* nuts.png in Resources */ = {isa = PBXBuildFile; fileRef = 2E2D0BBC17A6D0B600C7BF59 /* nuts.png */; };
		2E2D0C3117A6D0B600C7BF59 /* owl.png in Resources */ = {isa = PBXBuildFile; fileRef = 2E2D0BBD17A6D0B600C7BF59 /* owl.png */; };
		2E2D0C3217A6D0B600C7BF59 /* peacock.png in Resources */ = {isa = PBXBuildFile; fileRef = 2E2D0BBE17A6D0B600C7BF59 /* peacock.png */; };
		2E2D0C3317A6D0B600C7BF59 /* peacock_tail.png in Resources */ = {isa = PBXBuildFile; fileRef = 2E2D0BBF17A6D0B600C7BF59 /* peacock_tail.png */; };
		2E2D0C3417A6D0B600C7BF59 /* pelican.png in Resources */ = {isa = PBXBuildFile; fileRef = 2E2D0BC017A6D0B600C7BF59 /* pelican.png */; };
		2E2D0C3517A6D0B600C7BF59 /* pig.png in Resources */ = {isa = PBXBuildFile; fileRef = 2E2D0BC117A6D0B600C7BF59 /* pig.png */; };
		2E2D0C3617A6D0B600C7BF59 /* polar_bear.png in Resources */ = {isa = PBXBuildFile; fileRef = 2E2D0BC217A6D0B600C7BF59 /* polar_bear.png */; };
		2E2D0C3717A6D0B600C7BF59 /* rabbit.png in Resources */ = {isa = PBXBuildFile; fileRef = 2E2D0BC317A6D0B600C7BF59 /* rabbit.png */; };
		2E2D0C3817A6D0B600C7BF59 /* rabbit_2.png in Resources */ = {isa = PBXBuildFile; fileRef = 2E2D0BC417A6D0B600C7BF59 /* rabbit_2.png */; };
		2E2D0C3917A6D0B600C7BF59 /* rabbit_3.png in Resources */ = {isa = PBXBuildFile; fileRef = 2E2D0BC517A6D0B600C7BF59 /* rabbit_3.png */; };
		2E2D0C3A17A6D0B600C7BF59 /* rabbit_hole.png in Resources */ = {isa = PBXBuildFile; fileRef = 2E2D0BC617A6D0B600C7BF59 /* rabbit_hole.png */; };
		2E2D0C3B17A6D0B600C7BF59 /* rabbit_tail.png in Resources */ = {isa = PBXBuildFile; fileRef = 2E2D0BC717A6D0B600C7BF59 /* rabbit_tail.png */; };
		2E2D0C3C17A6D0B600C7BF59 /* racoon.png in Resources */ = {isa = PBXBuildFile; fileRef = 2E2D0BC817A6D0B600C7BF59 /* racoon.png */; };
		2E2D0C3D17A6D0B600C7BF59 /* racoon_tail.png in Resources */ = {isa = PBXBuildFile; fileRef = 2E2D0BC917A6D0B600C7BF59 /* racoon_tail.png */; };
		2E2D0C3E17A6D0B600C7BF59 /* rocks.png in Resources */ = {isa = PBXBuildFile; fileRef = 2E2D0BCA17A6D0B600C7BF59 /* rocks.png */; };
		2E2D0C3F17A6D0B600C7BF59 /* rooster.png in Resources */ = {isa = PBXBuildFile; fileRef = 2E2D0BCB17A6D0B600C7BF59 /* rooster.png */; };
		2E2D0C4017A6D0B600C7BF59 /* rooster_2.png in Resources */ = {isa = PBXBuildFile; fileRef = 2E2D0BCC17A6D0B600C7BF59 /* rooster_2.png */; };
		2E2D0C4117A6D0B600C7BF59 /* rooster_3.png in Resources */ = {isa = PBXBuildFile; fileRef = 2E2D0BCD17A6D0B600C7BF59 /* rooster_3.png */; };
		2E2D0C4217A6D0B600C7BF59 /* rooster_tail.png in Resources */ = {isa = PBXBuildFile; fileRef = 2E2D0BCE17A6D0B600C7BF59 /* rooster_tail.png */; };
		2E2D0C4317A6D0B600C7BF59 /* seahorse.png in Resources */ = {isa = PBXBuildFile; fileRef = 2E2D0BCF17A6D0B600C7BF59 /* seahorse.png */; };
		2E2D0C4417A6D0B600C7BF59 /* seahorse_tail.png in Resources */ = {isa = PBXBuildFile; fileRef = 2E2D0BD017A6D0B600C7BF59 /* seahorse_tail.png */; };
		2E2D0C4517A6D0B600C7BF59 /* seal.png in Resources */ = {isa = PBXBuildFile; fileRef = 2E2D0BD117A6D0B600C7BF59 /* seal.png */; };
		2E2D0C4617A6D0B600C7BF59 /* seal_tail.png in Resources */ = {isa = PBXBuildFile; fileRef = 2E2D0BD217A6D0B600C7BF59 /* seal_tail.png */; };
		2E2D0C4717A6D0B600C7BF59 /* skunk.png in Resources */ = {isa = PBXBuildFile; fileRef = 2E2D0BD317A6D0B600C7BF59 /* skunk.png */; };
		2E2D0C4817A6D0B600C7BF59 /* skunk_tail.png in Resources */ = {isa = PBXBuildFile; fileRef = 2E2D0BD417A6D0B600C7BF59 /* skunk_tail.png */; };
		2E2D0C4917A6D0B600C7BF59 /* squirrel.png in Resources */ = {isa = PBXBuildFile; fileRef = 2E2D0BD517A6D0B600C7BF59 /* squirrel.png */; };
		2E2D0C4A17A6D0B600C7BF59 /* squirrel_2.png in Resources */ = {isa = PBXBuildFile; fileRef = 2E2D0BD617A6D0B600C7BF59 /* squirrel_2.png */; };
		2E2D0C4B17A6D0B600C7BF59 /* squirrel_tail.png in Resources */ = {isa = PBXBuildFile; fileRef = 2E2D0BD717A6D0B600C7BF59 /* squirrel_tail.png */; };
		2E2D0C4C17A6D0B600C7BF59 /* stingray.png in Resources */ = {isa = PBXBuildFile; fileRef = 2E2D0BD817A6D0B600C7BF59 /* stingray.png */; };
		2E2D0C4D17A6D0B600C7BF59 /* stingray_tail.png in Resources */ = {isa = PBXBuildFile; fileRef = 2E2D0BD917A6D0B600C7BF59 /* stingray_tail.png */; };
		2E2D0C4E17A6D0B600C7BF59 /* stork.png in Resources */ = {isa = PBXBuildFile; fileRef = 2E2D0BDA17A6D0B600C7BF59 /* stork.png */; };
		2E2D0C4F17A6D0B600C7BF59 /* stork_2.png in Resources */ = {isa = PBXBuildFile; fileRef = 2E2D0BDB17A6D0B600C7BF59 /* stork_2.png */; };
		2E2D0C5017A6D0B600C7BF59 /* stork_nest.png in Resources */ = {isa = PBXBuildFile; fileRef = 2E2D0BDC17A6D0B600C7BF59 /* stork_nest.png */; };
		2E2D0C5117A6D0B600C7BF59 /* swallow.png in Resources */ = {isa = PBXBuildFile; fileRef = 2E2D0BDD17A6D0B600C7BF59 /* swallow.png */; };
		2E2D0C5217A6D0B600C7BF59 /* swallow_2.png in Resources */ = {isa = PBXBuildFile; fileRef = 2E2D0BDE17A6D0B600C7BF59 /* swallow_2.png */; };
		2E2D0C5317A6D0B600C7BF59 /* swallow_nest.png in Resources */ = {isa = PBXBuildFile; fileRef = 2E2D0BDF17A6D0B600C7BF59 /* swallow_nest.png */; };
		2E2D0C5417A6D0B600C7BF59 /* swallow_tail.png in Resources */ = {isa = PBXBuildFile; fileRef = 2E2D0BE017A6D0B600C7BF59 /* swallow_tail.png */; };
		2E2D0C5517A6D0B600C7BF59 /* swan.png in Resources */ = {isa = PBXBuildFile; fileRef = 2E2D0BE117A6D0B600C7BF59 /* swan.png */; };
		2E2D0C5617A6D0B600C7BF59 /* turkey.png in Resources */ = {isa = PBXBuildFile; fileRef = 2E2D0BE217A6D0B600C7BF59 /* turkey.png */; };
		2E2D0C5717A6D0B600C7BF59 /* turkey_tail.png in Resources */ = {isa = PBXBuildFile; fileRef = 2E2D0BE317A6D0B600C7BF59 /* turkey_tail.png */; };
		2E2D0C5817A6D0B600C7BF59 /* whale.png in Resources */ = {isa = PBXBuildFile; fileRef = 2E2D0BE417A6D0B600C7BF59 /* whale.png */; };
		2E2D0C5917A6D0B600C7BF59 /* whale_tail.png in Resources */ = {isa = PBXBuildFile; fileRef = 2E2D0BE517A6D0B600C7BF59 /* whale_tail.png */; };
		2E2D0C5A17A6D0B600C7BF59 /* wheat.png in Resources */ = {isa = PBXBuildFile; fileRef = 2E2D0BE617A6D0B600C7BF59 /* wheat.png */; };
		2E39EAFD17835FC90023A8F8 /* Credits.plist in Resources */ = {isa = PBXBuildFile; fileRef = 2E39EAFC17835FC90023A8F8 /* Credits.plist */; };
		2E7FCCCF1795C750009051A4 /* cup.png in Resources */ = {isa = PBXBuildFile; fileRef = 2E7FCCCE1795C750009051A4 /* cup.png */; };
		2E80D1E817735D150021B9AB /* WZMMainViewControllerTests.m in Sources */ = {isa = PBXBuildFile; fileRef = 2E80D1E717735D150021B9AB /* WZMMainViewControllerTests.m */; };
		2E8BF4611796EAE700FC9C76 /* credits_rect.png in Resources */ = {isa = PBXBuildFile; fileRef = 2E8BF45F1796EAE700FC9C76 /* credits_rect.png */; };
		2E8BF4621796EAE700FC9C76 /* credits.png in Resources */ = {isa = PBXBuildFile; fileRef = 2E8BF4601796EAE700FC9C76 /* credits.png */; };
		2E8BF465179840E600FC9C76 /* back.png in Resources */ = {isa = PBXBuildFile; fileRef = 2E8BF463179840E600FC9C76 /* back.png */; };
		2E8BF466179840E600FC9C76 /* play.png in Resources */ = {isa = PBXBuildFile; fileRef = 2E8BF464179840E600FC9C76 /* play.png */; };
		2E90036D1757E63C00D32EBD /* WZMPlistDataReaderTests.m in Sources */ = {isa = PBXBuildFile; fileRef = 2E90036C1757E63C00D32EBD /* WZMPlistDataReaderTests.m */; };
		2E9003701757F27900D32EBD /* WZMPlistDataReader.m in Sources */ = {isa = PBXBuildFile; fileRef = 2E90036F1757F27900D32EBD /* WZMPlistDataReader.m */; };
		2E9003721758F4D500D32EBD /* Levels.plist in Resources */ = {isa = PBXBuildFile; fileRef = 2E9003711758F4D500D32EBD /* Levels.plist */; };
		2E900378175934E600D32EBD /* WZMRandomizingGameControllerDataSource.m in Sources */ = {isa = PBXBuildFile; fileRef = 2E900377175934E600D32EBD /* WZMRandomizingGameControllerDataSource.m */; };
		2E90037B1759352C00D32EBD /* WZMRandomizingGameControllerDataSourceTests.m in Sources */ = {isa = PBXBuildFile; fileRef = 2E90037A1759352C00D32EBD /* WZMRandomizingGameControllerDataSourceTests.m */; };
		2EC7B5F0173C3DB600214975 /* WZMGamePlayViewControllerTests.m in Sources */ = {isa = PBXBuildFile; fileRef = 2EC7B5EF173C3DB600214975 /* WZMGamePlayViewControllerTests.m */; };
		2EC7B611173EC03D00214975 /* WZMGameRound.m in Sources */ = {isa = PBXBuildFile; fileRef = 2EC7B610173EC03D00214975 /* WZMGameRound.m */; };
		2EC7B614173EC0DC00214975 /* WZMGameRoundTests.m in Sources */ = {isa = PBXBuildFile; fileRef = 2EC7B613173EC0DC00214975 /* WZMGameRoundTests.m */; };
		2ECA6013171B024D00F55660 /* UIKit.framework in Frameworks */ = {isa = PBXBuildFile; fileRef = 2ECA6012171B024D00F55660 /* UIKit.framework */; };
		2ECA6015171B024D00F55660 /* Foundation.framework in Frameworks */ = {isa = PBXBuildFile; fileRef = 2ECA6014171B024D00F55660 /* Foundation.framework */; };
		2ECA6017171B024D00F55660 /* CoreGraphics.framework in Frameworks */ = {isa = PBXBuildFile; fileRef = 2ECA6016171B024D00F55660 /* CoreGraphics.framework */; };
		2ECA601D171B024D00F55660 /* InfoPlist.strings in Resources */ = {isa = PBXBuildFile; fileRef = 2ECA601B171B024D00F55660 /* InfoPlist.strings */; };
		2ECA601F171B024D00F55660 /* main.m in Sources */ = {isa = PBXBuildFile; fileRef = 2ECA601E171B024D00F55660 /* main.m */; };
		2ECA6023171B024D00F55660 /* WZMAppDelegate.m in Sources */ = {isa = PBXBuildFile; fileRef = 2ECA6022171B024D00F55660 /* WZMAppDelegate.m */; };
		2ECA6025171B024D00F55660 /* Default.png in Resources */ = {isa = PBXBuildFile; fileRef = 2ECA6024171B024D00F55660 /* Default.png */; };
		2ECA6027171B024D00F55660 /* Default@2x.png in Resources */ = {isa = PBXBuildFile; fileRef = 2ECA6026171B024D00F55660 /* Default@2x.png */; };
		2ECA6029171B024D00F55660 /* Default-568h@2x.png in Resources */ = {isa = PBXBuildFile; fileRef = 2ECA6028171B024D00F55660 /* Default-568h@2x.png */; };
		2ECA602C171B024D00F55660 /* MainStoryboard.storyboard in Resources */ = {isa = PBXBuildFile; fileRef = 2ECA602A171B024D00F55660 /* MainStoryboard.storyboard */; };
		2ECA602F171B024D00F55660 /* WZMMainViewController.m in Sources */ = {isa = PBXBuildFile; fileRef = 2ECA602E171B024D00F55660 /* WZMMainViewController.m */; };
		2ECA6037171B024E00F55660 /* SenTestingKit.framework in Frameworks */ = {isa = PBXBuildFile; fileRef = 2ECA6036171B024E00F55660 /* SenTestingKit.framework */; };
		2ECA6038171B024E00F55660 /* UIKit.framework in Frameworks */ = {isa = PBXBuildFile; fileRef = 2ECA6012171B024D00F55660 /* UIKit.framework */; };
		2ECA6039171B024E00F55660 /* Foundation.framework in Frameworks */ = {isa = PBXBuildFile; fileRef = 2ECA6014171B024D00F55660 /* Foundation.framework */; };
		2ECA6041171B024E00F55660 /* InfoPlist.strings in Resources */ = {isa = PBXBuildFile; fileRef = 2ECA603F171B024E00F55660 /* InfoPlist.strings */; };
		2ECA604F171B033E00F55660 /* libOCMock.a in Frameworks */ = {isa = PBXBuildFile; fileRef = 2ECA604E171B033E00F55660 /* libOCMock.a */; };
		2ED449B41726E5B700A2E320 /* WZMGameWinViewController.m in Sources */ = {isa = PBXBuildFile; fileRef = 2ED449B31726E5B700A2E320 /* WZMGameWinViewController.m */; };
		2ED449BB1727177300A2E320 /* WZMGamePlayViewController.m in Sources */ = {isa = PBXBuildFile; fileRef = 2ED449B91727177300A2E320 /* WZMGamePlayViewController.m */; };
		2ED449C5172AD1E800A2E320 /* WZMCreditsViewController.m in Sources */ = {isa = PBXBuildFile; fileRef = 2ED449C4172AD1E800A2E320 /* WZMCreditsViewController.m */; };
		2EE8448E175F886900863016 /* background.png in Resources */ = {isa = PBXBuildFile; fileRef = 2EE84488175F886900863016 /* background.png */; };
		2EE8448F175F886900863016 /* star_1.png in Resources */ = {isa = PBXBuildFile; fileRef = 2EE84489175F886900863016 /* star_1.png */; };
		2EE84490175F886900863016 /* star_2.png in Resources */ = {isa = PBXBuildFile; fileRef = 2EE8448A175F886900863016 /* star_2.png */; };
		2EE84491175F886900863016 /* star_3.png in Resources */ = {isa = PBXBuildFile; fileRef = 2EE8448B175F886900863016 /* star_3.png */; };
		2EE84492175F886900863016 /* star_4.png in Resources */ = {isa = PBXBuildFile; fileRef = 2EE8448C175F886900863016 /* star_4.png */; };
		2EE84493175F886900863016 /* star_empty.png in Resources */ = {isa = PBXBuildFile; fileRef = 2EE8448D175F886900863016 /* star_empty.png */; };
		2EF13D87178365FA0055E1DB /* star_5.png in Resources */ = {isa = PBXBuildFile; fileRef = 2EF13D85178365FA0055E1DB /* star_5.png */; };
		2EF13D88178365FA0055E1DB /* star_6.png in Resources */ = {isa = PBXBuildFile; fileRef = 2EF13D86178365FA0055E1DB /* star_6.png */; };
		2EF30053177CCA2C00ED3B3B /* WZMDataSourceFactory.m in Sources */ = {isa = PBXBuildFile; fileRef = 2EF30052177CCA2C00ED3B3B /* WZMDataSourceFactory.m */; };
		2EF30056177CCAFC00ED3B3B /* WZMDataSourceFactoryTests.m in Sources */ = {isa = PBXBuildFile; fileRef = 2EF30055177CCAFC00ED3B3B /* WZMDataSourceFactoryTests.m */; };
		2EF300581781CF2400ED3B3B /* title.png in Resources */ = {isa = PBXBuildFile; fileRef = 2EF300571781CF2400ED3B3B /* title.png */; };
/* End PBXBuildFile section */

/* Begin PBXContainerItemProxy section */
		2ECA603A171B024E00F55660 /* PBXContainerItemProxy */ = {
			isa = PBXContainerItemProxy;
			containerPortal = 2ECA6007171B024D00F55660 /* Project object */;
			proxyType = 1;
			remoteGlobalIDString = 2ECA600E171B024D00F55660;
			remoteInfo = Matchnimals;
		};
/* End PBXContainerItemProxy section */

/* Begin PBXFileReference section */
		2E237B06175232940015B5C6 /* border_big.png */ = {isa = PBXFileReference; lastKnownFileType = image.png; path = border_big.png; sourceTree = "<group>"; };
		2E237B07175232940015B5C6 /* border_small_1.png */ = {isa = PBXFileReference; lastKnownFileType = image.png; path = border_small_1.png; sourceTree = "<group>"; };
		2E237B08175232940015B5C6 /* border_small_2.png */ = {isa = PBXFileReference; lastKnownFileType = image.png; path = border_small_2.png; sourceTree = "<group>"; };
		2E237B09175232940015B5C6 /* border_small_3.png */ = {isa = PBXFileReference; lastKnownFileType = image.png; path = border_small_3.png; sourceTree = "<group>"; };
		2E237B0F1753B7B90015B5C6 /* WZMGameControllerTests.h */ = {isa = PBXFileReference; fileEncoding = 4; lastKnownFileType = sourcecode.c.h; path = WZMGameControllerTests.h; sourceTree = "<group>"; };
		2E237B101753B7B90015B5C6 /* WZMGameControllerTests.m */ = {isa = PBXFileReference; fileEncoding = 4; lastKnownFileType = sourcecode.c.objc; path = WZMGameControllerTests.m; sourceTree = "<group>"; };
		2E237B121753B8B20015B5C6 /* WZMGameControllerDataSource.h */ = {isa = PBXFileReference; fileEncoding = 4; lastKnownFileType = sourcecode.c.h; path = WZMGameControllerDataSource.h; sourceTree = "<group>"; };
		2E237B131753B8F40015B5C6 /* WZMGameController.h */ = {isa = PBXFileReference; fileEncoding = 4; lastKnownFileType = sourcecode.c.h; path = WZMGameController.h; sourceTree = "<group>"; };
		2E237B141753B8F40015B5C6 /* WZMGameController.m */ = {isa = PBXFileReference; fileEncoding = 4; lastKnownFileType = sourcecode.c.objc; path = WZMGameController.m; sourceTree = "<group>"; };
		2E237B161753BA250015B5C6 /* WZMGameControllerDelegate.h */ = {isa = PBXFileReference; fileEncoding = 4; lastKnownFileType = sourcecode.c.h; path = WZMGameControllerDelegate.h; sourceTree = "<group>"; };
		2E237B171755355A0015B5C6 /* WZMArrayHelper.h */ = {isa = PBXFileReference; fileEncoding = 4; lastKnownFileType = sourcecode.c.h; path = WZMArrayHelper.h; sourceTree = "<group>"; };
		2E237B181755355A0015B5C6 /* WZMArrayHelper.m */ = {isa = PBXFileReference; fileEncoding = 4; lastKnownFileType = sourcecode.c.objc; path = WZMArrayHelper.m; sourceTree = "<group>"; };
		2E237B1A1755385D0015B5C6 /* WZMArrayHelperTests.h */ = {isa = PBXFileReference; fileEncoding = 4; lastKnownFileType = sourcecode.c.h; path = WZMArrayHelperTests.h; sourceTree = "<group>"; };
		2E237B1B1755385D0015B5C6 /* WZMArrayHelperTests.m */ = {isa = PBXFileReference; fileEncoding = 4; lastKnownFileType = sourcecode.c.objc; path = WZMArrayHelperTests.m; sourceTree = "<group>"; };
		2E237B1D1757DA980015B5C6 /* Levels.plist */ = {isa = PBXFileReference; fileEncoding = 4; lastKnownFileType = text.plist.xml; path = Levels.plist; sourceTree = "<group>"; };
		2E2D0B7317A6D0B600C7BF59 /* acorns.png */ = {isa = PBXFileReference; lastKnownFileType = image.png; path = acorns.png; sourceTree = "<group>"; };
		2E2D0B7417A6D0B600C7BF59 /* ant.png */ = {isa = PBXFileReference; lastKnownFileType = image.png; path = ant.png; sourceTree = "<group>"; };
		2E2D0B7517A6D0B600C7BF59 /* ant_2.png */ = {isa = PBXFileReference; lastKnownFileType = image.png; path = ant_2.png; sourceTree = "<group>"; };
		2E2D0B7617A6D0B600C7BF59 /* anteater.png */ = {isa = PBXFileReference; lastKnownFileType = image.png; path = anteater.png; sourceTree = "<group>"; };
		2E2D0B7717A6D0B600C7BF59 /* anthill.png */ = {isa = PBXFileReference; lastKnownFileType = image.png; path = anthill.png; sourceTree = "<group>"; };
		2E2D0B7817A6D0B600C7BF59 /* apple.png */ = {isa = PBXFileReference; lastKnownFileType = image.png; path = apple.png; sourceTree = "<group>"; };
		2E2D0B7917A6D0B600C7BF59 /* armadillo.png */ = {isa = PBXFileReference; lastKnownFileType = image.png; path = armadillo.png; sourceTree = "<group>"; };
		2E2D0B7A17A6D0B600C7BF59 /* armadillo_tail.png */ = {isa = PBXFileReference; lastKnownFileType = image.png; path = armadillo_tail.png; sourceTree = "<group>"; };
		2E2D0B7B17A6D0B600C7BF59 /* banana.png */ = {isa = PBXFileReference; lastKnownFileType = image.png; path = banana.png; sourceTree = "<group>"; };
		2E2D0B7C17A6D0B600C7BF59 /* bat.png */ = {isa = PBXFileReference; lastKnownFileType = image.png; path = bat.png; sourceTree = "<group>"; };
		2E2D0B7D17A6D0B600C7BF59 /* beach.png */ = {isa = PBXFileReference; lastKnownFileType = image.png; path = beach.png; sourceTree = "<group>"; };
		2E2D0B7E17A6D0B600C7BF59 /* bear.png */ = {isa = PBXFileReference; lastKnownFileType = image.png; path = bear.png; sourceTree = "<group>"; };
		2E2D0B7F17A6D0B600C7BF59 /* beaver.png */ = {isa = PBXFileReference; lastKnownFileType = image.png; path = beaver.png; sourceTree = "<group>"; };
		2E2D0B8017A6D0B600C7BF59 /* beaver_2.png */ = {isa = PBXFileReference; lastKnownFileType = image.png; path = beaver_2.png; sourceTree = "<group>"; };
		2E2D0B8117A6D0B600C7BF59 /* beaver_dam.png */ = {isa = PBXFileReference; lastKnownFileType = image.png; path = beaver_dam.png; sourceTree = "<group>"; };
		2E2D0B8217A6D0B600C7BF59 /* beaver_tail.png */ = {isa = PBXFileReference; lastKnownFileType = image.png; path = beaver_tail.png; sourceTree = "<group>"; };
		2E2D0B8317A6D0B600C7BF59 /* bee.png */ = {isa = PBXFileReference; lastKnownFileType = image.png; path = bee.png; sourceTree = "<group>"; };
		2E2D0B8417A6D0B600C7BF59 /* bee_hive.png */ = {isa = PBXFileReference; lastKnownFileType = image.png; path = bee_hive.png; sourceTree = "<group>"; };
		2E2D0B8517A6D0B600C7BF59 /* boar.png */ = {isa = PBXFileReference; lastKnownFileType = image.png; path = boar.png; sourceTree = "<group>"; };
		2E2D0B8617A6D0B600C7BF59 /* bone.png */ = {isa = PBXFileReference; lastKnownFileType = image.png; path = bone.png; sourceTree = "<group>"; };
		2E2D0B8717A6D0B600C7BF59 /* camel.png */ = {isa = PBXFileReference; lastKnownFileType = image.png; path = camel.png; sourceTree = "<group>"; };
		2E2D0B8817A6D0B600C7BF59 /* carrot.png */ = {isa = PBXFileReference; lastKnownFileType = image.png; path = carrot.png; sourceTree = "<group>"; };
		2E2D0B8917A6D0B600C7BF59 /* cat.png */ = {isa = PBXFileReference; lastKnownFileType = image.png; path = cat.png; sourceTree = "<group>"; };
		2E2D0B8A17A6D0B600C7BF59 /* caterpillar.png */ = {isa = PBXFileReference; lastKnownFileType = image.png; path = caterpillar.png; sourceTree = "<group>"; };
		2E2D0B8B17A6D0B600C7BF59 /* cave.png */ = {isa = PBXFileReference; lastKnownFileType = image.png; path = cave.png; sourceTree = "<group>"; };
		2E2D0B8C17A6D0B600C7BF59 /* chameleon.png */ = {isa = PBXFileReference; lastKnownFileType = image.png; path = chameleon.png; sourceTree = "<group>"; };
		2E2D0B8D17A6D0B600C7BF59 /* chameleon_tail.png */ = {isa = PBXFileReference; lastKnownFileType = image.png; path = chameleon_tail.png; sourceTree = "<group>"; };
		2E2D0B8E17A6D0B600C7BF59 /* cheese.png */ = {isa = PBXFileReference; lastKnownFileType = image.png; path = cheese.png; sourceTree = "<group>"; };
		2E2D0B8F17A6D0B600C7BF59 /* cow.png */ = {isa = PBXFileReference; lastKnownFileType = image.png; path = cow.png; sourceTree = "<group>"; };
		2E2D0B9017A6D0B600C7BF59 /* crab.png */ = {isa = PBXFileReference; lastKnownFileType = image.png; path = crab.png; sourceTree = "<group>"; };
		2E2D0B9117A6D0B600C7BF59 /* crocodile.png */ = {isa = PBXFileReference; lastKnownFileType = image.png; path = crocodile.png; sourceTree = "<group>"; };
		2E2D0B9217A6D0B600C7BF59 /* crocodile_tail.png */ = {isa = PBXFileReference; lastKnownFileType = image.png; path = crocodile_tail.png; sourceTree = "<group>"; };
		2E2D0B9317A6D0B600C7BF59 /* deer.png */ = {isa = PBXFileReference; lastKnownFileType = image.png; path = deer.png; sourceTree = "<group>"; };
		2E2D0B9417A6D0B600C7BF59 /* desert.png */ = {isa = PBXFileReference; lastKnownFileType = image.png; path = desert.png; sourceTree = "<group>"; };
		2E2D0B9517A6D0B600C7BF59 /* dog.png */ = {isa = PBXFileReference; lastKnownFileType = image.png; path = dog.png; sourceTree = "<group>"; };
		2E2D0B9617A6D0B600C7BF59 /* dog_2.png */ = {isa = PBXFileReference; lastKnownFileType = image.png; path = dog_2.png; sourceTree = "<group>"; };
		2E2D0B9717A6D0B600C7BF59 /* doghouse.png */ = {isa = PBXFileReference; lastKnownFileType = image.png; path = doghouse.png; sourceTree = "<group>"; };
		2E2D0B9817A6D0B600C7BF59 /* dove.png */ = {isa = PBXFileReference; lastKnownFileType = image.png; path = dove.png; sourceTree = "<group>"; };
		2E2D0B9917A6D0B600C7BF59 /* dove_tail.png */ = {isa = PBXFileReference; lastKnownFileType = image.png; path = dove_tail.png; sourceTree = "<group>"; };
		2E2D0B9A17A6D0B600C7BF59 /* eucalyptus.png */ = {isa = PBXFileReference; lastKnownFileType = image.png; path = eucalyptus.png; sourceTree = "<group>"; };
		2E2D0B9B17A6D0B600C7BF59 /* farm.png */ = {isa = PBXFileReference; lastKnownFileType = image.png; path = farm.png; sourceTree = "<group>"; };
		2E2D0B9C17A6D0B600C7BF59 /* fish.png */ = {isa = PBXFileReference; lastKnownFileType = image.png; path = fish.png; sourceTree = "<group>"; };
		2E2D0B9D17A6D0B600C7BF59 /* fly.png */ = {isa = PBXFileReference; lastKnownFileType = image.png; path = fly.png; sourceTree = "<group>"; };
		2E2D0B9E17A6D0B600C7BF59 /* forest.png */ = {isa = PBXFileReference; lastKnownFileType = image.png; path = forest.png; sourceTree = "<group>"; };
		2E2D0B9F17A6D0B600C7BF59 /* fox.png */ = {isa = PBXFileReference; lastKnownFileType = image.png; path = fox.png; sourceTree = "<group>"; };
		2E2D0BA017A6D0B600C7BF59 /* fox_tail.png */ = {isa = PBXFileReference; lastKnownFileType = image.png; path = fox_tail.png; sourceTree = "<group>"; };
		2E2D0BA117A6D0B600C7BF59 /* frog.png */ = {isa = PBXFileReference; lastKnownFileType = image.png; path = frog.png; sourceTree = "<group>"; };
		2E2D0BA217A6D0B600C7BF59 /* frog_small.png */ = {isa = PBXFileReference; lastKnownFileType = image.png; path = frog_small.png; sourceTree = "<group>"; };
		2E2D0BA317A6D0B600C7BF59 /* grass.png */ = {isa = PBXFileReference; lastKnownFileType = image.png; path = grass.png; sourceTree = "<group>"; };
		2E2D0BA417A6D0B600C7BF59 /* hay.png */ = {isa = PBXFileReference; lastKnownFileType = image.png; path = hay.png; sourceTree = "<group>"; };
		2E2D0BA517A6D0B600C7BF59 /* hedgehog.png */ = {isa = PBXFileReference; lastKnownFileType = image.png; path = hedgehog.png; sourceTree = "<group>"; };
		2E2D0BA617A6D0B600C7BF59 /* hen_house.png */ = {isa = PBXFileReference; lastKnownFileType = image.png; path = hen_house.png; sourceTree = "<group>"; };
		2E2D0BA717A6D0B600C7BF59 /* hollow.png */ = {isa = PBXFileReference; lastKnownFileType = image.png; path = hollow.png; sourceTree = "<group>"; };
		2E2D0BA817A6D0B600C7BF59 /* honey.png */ = {isa = PBXFileReference; lastKnownFileType = image.png; path = honey.png; sourceTree = "<group>"; };
		2E2D0BA917A6D0B600C7BF59 /* horse.png */ = {isa = PBXFileReference; lastKnownFileType = image.png; path = horse.png; sourceTree = "<group>"; };
		2E2D0BAA17A6D0B600C7BF59 /* horse_2.png */ = {isa = PBXFileReference; lastKnownFileType = image.png; path = horse_2.png; sourceTree = "<group>"; };
		2E2D0BAB17A6D0B600C7BF59 /* horse_tail.png */ = {isa = PBXFileReference; lastKnownFileType = image.png; path = horse_tail.png; sourceTree = "<group>"; };
		2E2D0BAC17A6D0B600C7BF59 /* ice.png */ = {isa = PBXFileReference; lastKnownFileType = image.png; path = ice.png; sourceTree = "<group>"; };
		2E2D0BAD17A6D0B600C7BF59 /* kangaroo.png */ = {isa = PBXFileReference; lastKnownFileType = image.png; path = kangaroo.png; sourceTree = "<group>"; };
		2E2D0BAE17A6D0B600C7BF59 /* kangaroo_tail.png */ = {isa = PBXFileReference; lastKnownFileType = image.png; path = kangaroo_tail.png; sourceTree = "<group>"; };
		2E2D0BAF17A6D0B600C7BF59 /* koala.png */ = {isa = PBXFileReference; lastKnownFileType = image.png; path = koala.png; sourceTree = "<group>"; };
		2E2D0BB017A6D0B600C7BF59 /* lake.png */ = {isa = PBXFileReference; lastKnownFileType = image.png; path = lake.png; sourceTree = "<group>"; };
		2E2D0BB117A6D0B600C7BF59 /* leaves.png */ = {isa = PBXFileReference; lastKnownFileType = image.png; path = leaves.png; sourceTree = "<group>"; };
		2E2D0BB217A6D0B600C7BF59 /* lion.png */ = {isa = PBXFileReference; lastKnownFileType = image.png; path = lion.png; sourceTree = "<group>"; };
		2E2D0BB317A6D0B600C7BF59 /* meat.png */ = {isa = PBXFileReference; lastKnownFileType = image.png; path = meat.png; sourceTree = "<group>"; };
		2E2D0BB417A6D0B600C7BF59 /* milk.png */ = {isa = PBXFileReference; lastKnownFileType = image.png; path = milk.png; sourceTree = "<group>"; };
		2E2D0BB517A6D0B600C7BF59 /* mole.png */ = {isa = PBXFileReference; lastKnownFileType = image.png; path = mole.png; sourceTree = "<group>"; };
		2E2D0BB617A6D0B600C7BF59 /* mole_hill.png */ = {isa = PBXFileReference; lastKnownFileType = image.png; path = mole_hill.png; sourceTree = "<group>"; };
		2E2D0BB717A6D0B600C7BF59 /* monkey.png */ = {isa = PBXFileReference; lastKnownFileType = image.png; path = monkey.png; sourceTree = "<group>"; };
		2E2D0BB817A6D0B600C7BF59 /* mountain_goat.png */ = {isa = PBXFileReference; lastKnownFileType = image.png; path = mountain_goat.png; sourceTree = "<group>"; };
		2E2D0BB917A6D0B600C7BF59 /* mouse.png */ = {isa = PBXFileReference; lastKnownFileType = image.png; path = mouse.png; sourceTree = "<group>"; };
		2E2D0BBA17A6D0B600C7BF59 /* mouse_2.png */ = {isa = PBXFileReference; lastKnownFileType = image.png; path = mouse_2.png; sourceTree = "<group>"; };
		2E2D0BBB17A6D0B600C7BF59 /* mouse_hole.png */ = {isa = PBXFileReference; lastKnownFileType = image.png; path = mouse_hole.png; sourceTree = "<group>"; };
		2E2D0BBC17A6D0B600C7BF59 /* nuts.png */ = {isa = PBXFileReference; lastKnownFileType = image.png; path = nuts.png; sourceTree = "<group>"; };
		2E2D0BBD17A6D0B600C7BF59 /* owl.png */ = {isa = PBXFileReference; lastKnownFileType = image.png; path = owl.png; sourceTree = "<group>"; };
		2E2D0BBE17A6D0B600C7BF59 /* peacock.png */ = {isa = PBXFileReference; lastKnownFileType = image.png; path = peacock.png; sourceTree = "<group>"; };
		2E2D0BBF17A6D0B600C7BF59 /* peacock_tail.png */ = {isa = PBXFileReference; lastKnownFileType = image.png; path = peacock_tail.png; sourceTree = "<group>"; };
		2E2D0BC017A6D0B600C7BF59 /* pelican.png */ = {isa = PBXFileReference; lastKnownFileType = image.png; path = pelican.png; sourceTree = "<group>"; };
		2E2D0BC117A6D0B600C7BF59 /* pig.png */ = {isa = PBXFileReference; lastKnownFileType = image.png; path = pig.png; sourceTree = "<group>"; };
		2E2D0BC217A6D0B600C7BF59 /* polar_bear.png */ = {isa = PBXFileReference; lastKnownFileType = image.png; path = polar_bear.png; sourceTree = "<group>"; };
		2E2D0BC317A6D0B600C7BF59 /* rabbit.png */ = {isa = PBXFileReference; lastKnownFileType = image.png; path = rabbit.png; sourceTree = "<group>"; };
		2E2D0BC417A6D0B600C7BF59 /* rabbit_2.png */ = {isa = PBXFileReference; lastKnownFileType = image.png; path = rabbit_2.png; sourceTree = "<group>"; };
		2E2D0BC517A6D0B600C7BF59 /* rabbit_3.png */ = {isa = PBXFileReference; lastKnownFileType = image.png; path = rabbit_3.png; sourceTree = "<group>"; };
		2E2D0BC617A6D0B600C7BF59 /* rabbit_hole.png */ = {isa = PBXFileReference; lastKnownFileType = image.png; path = rabbit_hole.png; sourceTree = "<group>"; };
		2E2D0BC717A6D0B600C7BF59 /* rabbit_tail.png */ = {isa = PBXFileReference; lastKnownFileType = image.png; path = rabbit_tail.png; sourceTree = "<group>"; };
		2E2D0BC817A6D0B600C7BF59 /* racoon.png */ = {isa = PBXFileReference; lastKnownFileType = image.png; path = racoon.png; sourceTree = "<group>"; };
		2E2D0BC917A6D0B600C7BF59 /* racoon_tail.png */ = {isa = PBXFileReference; lastKnownFileType = image.png; path = racoon_tail.png; sourceTree = "<group>"; };
		2E2D0BCA17A6D0B600C7BF59 /* rocks.png */ = {isa = PBXFileReference; lastKnownFileType = image.png; path = rocks.png; sourceTree = "<group>"; };
		2E2D0BCB17A6D0B600C7BF59 /* rooster.png */ = {isa = PBXFileReference; lastKnownFileType = image.png; path = rooster.png; sourceTree = "<group>"; };
		2E2D0BCC17A6D0B600C7BF59 /* rooster_2.png */ = {isa = PBXFileReference; lastKnownFileType = image.png; path = rooster_2.png; sourceTree = "<group>"; };
		2E2D0BCD17A6D0B600C7BF59 /* rooster_3.png */ = {isa = PBXFileReference; lastKnownFileType = image.png; path = rooster_3.png; sourceTree = "<group>"; };
		2E2D0BCE17A6D0B600C7BF59 /* rooster_tail.png */ = {isa = PBXFileReference; lastKnownFileType = image.png; path = rooster_tail.png; sourceTree = "<group>"; };
		2E2D0BCF17A6D0B600C7BF59 /* seahorse.png */ = {isa = PBXFileReference; lastKnownFileType = image.png; path = seahorse.png; sourceTree = "<group>"; };
		2E2D0BD017A6D0B600C7BF59 /* seahorse_tail.png */ = {isa = PBXFileReference; lastKnownFileType = image.png; path = seahorse_tail.png; sourceTree = "<group>"; };
		2E2D0BD117A6D0B600C7BF59 /* seal.png */ = {isa = PBXFileReference; lastKnownFileType = image.png; path = seal.png; sourceTree = "<group>"; };
		2E2D0BD217A6D0B600C7BF59 /* seal_tail.png */ = {isa = PBXFileReference; lastKnownFileType = image.png; path = seal_tail.png; sourceTree = "<group>"; };
		2E2D0BD317A6D0B600C7BF59 /* skunk.png */ = {isa = PBXFileReference; lastKnownFileType = image.png; path = skunk.png; sourceTree = "<group>"; };
		2E2D0BD417A6D0B600C7BF59 /* skunk_tail.png */ = {isa = PBXFileReference; lastKnownFileType = image.png; path = skunk_tail.png; sourceTree = "<group>"; };
		2E2D0BD517A6D0B600C7BF59 /* squirrel.png */ = {isa = PBXFileReference; lastKnownFileType = image.png; path = squirrel.png; sourceTree = "<group>"; };
		2E2D0BD617A6D0B600C7BF59 /* squirrel_2.png */ = {isa = PBXFileReference; lastKnownFileType = image.png; path = squirrel_2.png; sourceTree = "<group>"; };
		2E2D0BD717A6D0B600C7BF59 /* squirrel_tail.png */ = {isa = PBXFileReference; lastKnownFileType = image.png; path = squirrel_tail.png; sourceTree = "<group>"; };
		2E2D0BD817A6D0B600C7BF59 /* stingray.png */ = {isa = PBXFileReference; lastKnownFileType = image.png; path = stingray.png; sourceTree = "<group>"; };
		2E2D0BD917A6D0B600C7BF59 /* stingray_tail.png */ = {isa = PBXFileReference; lastKnownFileType = image.png; path = stingray_tail.png; sourceTree = "<group>"; };
		2E2D0BDA17A6D0B600C7BF59 /* stork.png */ = {isa = PBXFileReference; lastKnownFileType = image.png; path = stork.png; sourceTree = "<group>"; };
		2E2D0BDB17A6D0B600C7BF59 /* stork_2.png */ = {isa = PBXFileReference; lastKnownFileType = image.png; path = stork_2.png; sourceTree = "<group>"; };
		2E2D0BDC17A6D0B600C7BF59 /* stork_nest.png */ = {isa = PBXFileReference; lastKnownFileType = image.png; path = stork_nest.png; sourceTree = "<group>"; };
		2E2D0BDD17A6D0B600C7BF59 /* swallow.png */ = {isa = PBXFileReference; lastKnownFileType = image.png; path = swallow.png; sourceTree = "<group>"; };
		2E2D0BDE17A6D0B600C7BF59 /* swallow_2.png */ = {isa = PBXFileReference; lastKnownFileType = image.png; path = swallow_2.png; sourceTree = "<group>"; };
		2E2D0BDF17A6D0B600C7BF59 /* swallow_nest.png */ = {isa = PBXFileReference; lastKnownFileType = image.png; path = swallow_nest.png; sourceTree = "<group>"; };
		2E2D0BE017A6D0B600C7BF59 /* swallow_tail.png */ = {isa = PBXFileReference; lastKnownFileType = image.png; path = swallow_tail.png; sourceTree = "<group>"; };
		2E2D0BE117A6D0B600C7BF59 /* swan.png */ = {isa = PBXFileReference; lastKnownFileType = image.png; path = swan.png; sourceTree = "<group>"; };
		2E2D0BE217A6D0B600C7BF59 /* turkey.png */ = {isa = PBXFileReference; lastKnownFileType = image.png; path = turkey.png; sourceTree = "<group>"; };
		2E2D0BE317A6D0B600C7BF59 /* turkey_tail.png */ = {isa = PBXFileReference; lastKnownFileType = image.png; path = turkey_tail.png; sourceTree = "<group>"; };
		2E2D0BE417A6D0B600C7BF59 /* whale.png */ = {isa = PBXFileReference; lastKnownFileType = image.png; path = whale.png; sourceTree = "<group>"; };
		2E2D0BE517A6D0B600C7BF59 /* whale_tail.png */ = {isa = PBXFileReference; lastKnownFileType = image.png; path = whale_tail.png; sourceTree = "<group>"; };
		2E2D0BE617A6D0B600C7BF59 /* wheat.png */ = {isa = PBXFileReference; lastKnownFileType = image.png; path = wheat.png; sourceTree = "<group>"; };
		2E39EAFC17835FC90023A8F8 /* Credits.plist */ = {isa = PBXFileReference; fileEncoding = 4; lastKnownFileType = text.plist.xml; path = Credits.plist; sourceTree = "<group>"; };
		2E7FCCCE1795C750009051A4 /* cup.png */ = {isa = PBXFileReference; lastKnownFileType = image.png; path = cup.png; sourceTree = "<group>"; };
		2E80D1E617735D150021B9AB /* WZMMainViewControllerTests.h */ = {isa = PBXFileReference; fileEncoding = 4; lastKnownFileType = sourcecode.c.h; path = WZMMainViewControllerTests.h; sourceTree = "<group>"; };
		2E80D1E717735D150021B9AB /* WZMMainViewControllerTests.m */ = {isa = PBXFileReference; fileEncoding = 4; lastKnownFileType = sourcecode.c.objc; path = WZMMainViewControllerTests.m; sourceTree = "<group>"; };
		2E8BF45F1796EAE700FC9C76 /* credits_rect.png */ = {isa = PBXFileReference; lastKnownFileType = image.png; path = credits_rect.png; sourceTree = "<group>"; };
		2E8BF4601796EAE700FC9C76 /* credits.png */ = {isa = PBXFileReference; lastKnownFileType = image.png; path = credits.png; sourceTree = "<group>"; };
		2E8BF463179840E600FC9C76 /* back.png */ = {isa = PBXFileReference; lastKnownFileType = image.png; path = back.png; sourceTree = "<group>"; };
		2E8BF464179840E600FC9C76 /* play.png */ = {isa = PBXFileReference; lastKnownFileType = image.png; path = play.png; sourceTree = "<group>"; };
		2E90036B1757E63C00D32EBD /* WZMPlistDataReaderTests.h */ = {isa = PBXFileReference; fileEncoding = 4; lastKnownFileType = sourcecode.c.h; path = WZMPlistDataReaderTests.h; sourceTree = "<group>"; };
		2E90036C1757E63C00D32EBD /* WZMPlistDataReaderTests.m */ = {isa = PBXFileReference; fileEncoding = 4; lastKnownFileType = sourcecode.c.objc; path = WZMPlistDataReaderTests.m; sourceTree = "<group>"; };
		2E90036E1757F27900D32EBD /* WZMPlistDataReader.h */ = {isa = PBXFileReference; fileEncoding = 4; lastKnownFileType = sourcecode.c.h; path = WZMPlistDataReader.h; sourceTree = "<group>"; };
		2E90036F1757F27900D32EBD /* WZMPlistDataReader.m */ = {isa = PBXFileReference; fileEncoding = 4; lastKnownFileType = sourcecode.c.objc; path = WZMPlistDataReader.m; sourceTree = "<group>"; };
		2E9003711758F4D500D32EBD /* Levels.plist */ = {isa = PBXFileReference; fileEncoding = 4; lastKnownFileType = text.plist.xml; path = Levels.plist; sourceTree = "<group>"; };
		2E900376175934E600D32EBD /* WZMRandomizingGameControllerDataSource.h */ = {isa = PBXFileReference; fileEncoding = 4; lastKnownFileType = sourcecode.c.h; path = WZMRandomizingGameControllerDataSource.h; sourceTree = "<group>"; };
		2E900377175934E600D32EBD /* WZMRandomizingGameControllerDataSource.m */ = {isa = PBXFileReference; fileEncoding = 4; lastKnownFileType = sourcecode.c.objc; path = WZMRandomizingGameControllerDataSource.m; sourceTree = "<group>"; };
		2E9003791759352C00D32EBD /* WZMRandomizingGameControllerDataSourceTests.h */ = {isa = PBXFileReference; fileEncoding = 4; lastKnownFileType = sourcecode.c.h; path = WZMRandomizingGameControllerDataSourceTests.h; sourceTree = "<group>"; };
		2E90037A1759352C00D32EBD /* WZMRandomizingGameControllerDataSourceTests.m */ = {isa = PBXFileReference; fileEncoding = 4; lastKnownFileType = sourcecode.c.objc; path = WZMRandomizingGameControllerDataSourceTests.m; sourceTree = "<group>"; };
		2EC7B5EE173C3DB600214975 /* WZMGamePlayViewControllerTests.h */ = {isa = PBXFileReference; fileEncoding = 4; lastKnownFileType = sourcecode.c.h; path = WZMGamePlayViewControllerTests.h; sourceTree = "<group>"; };
		2EC7B5EF173C3DB600214975 /* WZMGamePlayViewControllerTests.m */ = {isa = PBXFileReference; fileEncoding = 4; lastKnownFileType = sourcecode.c.objc; path = WZMGamePlayViewControllerTests.m; sourceTree = "<group>"; };
		2EC7B5FD173E7E9800214975 /* WZMGamePlayDataSource.h */ = {isa = PBXFileReference; fileEncoding = 4; lastKnownFileType = sourcecode.c.h; path = WZMGamePlayDataSource.h; sourceTree = "<group>"; };
		2EC7B60F173EC03D00214975 /* WZMGameRound.h */ = {isa = PBXFileReference; fileEncoding = 4; lastKnownFileType = sourcecode.c.h; path = WZMGameRound.h; sourceTree = "<group>"; };
		2EC7B610173EC03D00214975 /* WZMGameRound.m */ = {isa = PBXFileReference; fileEncoding = 4; lastKnownFileType = sourcecode.c.objc; path = WZMGameRound.m; sourceTree = "<group>"; };
		2EC7B612173EC0DC00214975 /* WZMGameRoundTests.h */ = {isa = PBXFileReference; fileEncoding = 4; lastKnownFileType = sourcecode.c.h; path = WZMGameRoundTests.h; sourceTree = "<group>"; };
		2EC7B613173EC0DC00214975 /* WZMGameRoundTests.m */ = {isa = PBXFileReference; fileEncoding = 4; lastKnownFileType = sourcecode.c.objc; path = WZMGameRoundTests.m; sourceTree = "<group>"; };
		2ECA600F171B024D00F55660 /* Matchnimals.app */ = {isa = PBXFileReference; explicitFileType = wrapper.application; includeInIndex = 0; path = Matchnimals.app; sourceTree = BUILT_PRODUCTS_DIR; };
		2ECA6012171B024D00F55660 /* UIKit.framework */ = {isa = PBXFileReference; lastKnownFileType = wrapper.framework; name = UIKit.framework; path = System/Library/Frameworks/UIKit.framework; sourceTree = SDKROOT; };
		2ECA6014171B024D00F55660 /* Foundation.framework */ = {isa = PBXFileReference; lastKnownFileType = wrapper.framework; name = Foundation.framework; path = System/Library/Frameworks/Foundation.framework; sourceTree = SDKROOT; };
		2ECA6016171B024D00F55660 /* CoreGraphics.framework */ = {isa = PBXFileReference; lastKnownFileType = wrapper.framework; name = CoreGraphics.framework; path = System/Library/Frameworks/CoreGraphics.framework; sourceTree = SDKROOT; };
		2ECA601A171B024D00F55660 /* Matchnimals-Info.plist */ = {isa = PBXFileReference; lastKnownFileType = text.plist.xml; path = "Matchnimals-Info.plist"; sourceTree = "<group>"; };
		2ECA601C171B024D00F55660 /* en */ = {isa = PBXFileReference; lastKnownFileType = text.plist.strings; name = en; path = en.lproj/InfoPlist.strings; sourceTree = "<group>"; };
		2ECA601E171B024D00F55660 /* main.m */ = {isa = PBXFileReference; lastKnownFileType = sourcecode.c.objc; path = main.m; sourceTree = "<group>"; };
		2ECA6020171B024D00F55660 /* Matchnimals-Prefix.pch */ = {isa = PBXFileReference; lastKnownFileType = sourcecode.c.h; path = "Matchnimals-Prefix.pch"; sourceTree = "<group>"; };
		2ECA6021171B024D00F55660 /* WZMAppDelegate.h */ = {isa = PBXFileReference; lastKnownFileType = sourcecode.c.h; path = WZMAppDelegate.h; sourceTree = "<group>"; };
		2ECA6022171B024D00F55660 /* WZMAppDelegate.m */ = {isa = PBXFileReference; lastKnownFileType = sourcecode.c.objc; path = WZMAppDelegate.m; sourceTree = "<group>"; };
		2ECA6024171B024D00F55660 /* Default.png */ = {isa = PBXFileReference; lastKnownFileType = image.png; path = Default.png; sourceTree = "<group>"; };
		2ECA6026171B024D00F55660 /* Default@2x.png */ = {isa = PBXFileReference; lastKnownFileType = image.png; path = "Default@2x.png"; sourceTree = "<group>"; };
		2ECA6028171B024D00F55660 /* Default-568h@2x.png */ = {isa = PBXFileReference; lastKnownFileType = image.png; path = "Default-568h@2x.png"; sourceTree = "<group>"; };
		2ECA602B171B024D00F55660 /* en */ = {isa = PBXFileReference; lastKnownFileType = file.storyboard; name = en; path = en.lproj/MainStoryboard.storyboard; sourceTree = "<group>"; };
		2ECA602D171B024D00F55660 /* WZMMainViewController.h */ = {isa = PBXFileReference; lastKnownFileType = sourcecode.c.h; path = WZMMainViewController.h; sourceTree = "<group>"; };
		2ECA602E171B024D00F55660 /* WZMMainViewController.m */ = {isa = PBXFileReference; lastKnownFileType = sourcecode.c.objc; path = WZMMainViewController.m; sourceTree = "<group>"; };
		2ECA6035171B024E00F55660 /* MatchnimalsTests.octest */ = {isa = PBXFileReference; explicitFileType = wrapper.cfbundle; includeInIndex = 0; path = MatchnimalsTests.octest; sourceTree = BUILT_PRODUCTS_DIR; };
		2ECA6036171B024E00F55660 /* SenTestingKit.framework */ = {isa = PBXFileReference; lastKnownFileType = wrapper.framework; name = SenTestingKit.framework; path = Library/Frameworks/SenTestingKit.framework; sourceTree = DEVELOPER_DIR; };
		2ECA603E171B024E00F55660 /* MatchnimalsTests-Info.plist */ = {isa = PBXFileReference; lastKnownFileType = text.plist.xml; path = "MatchnimalsTests-Info.plist"; sourceTree = "<group>"; };
		2ECA6040171B024E00F55660 /* en */ = {isa = PBXFileReference; lastKnownFileType = text.plist.strings; name = en; path = en.lproj/InfoPlist.strings; sourceTree = "<group>"; };
		2ECA604E171B033E00F55660 /* libOCMock.a */ = {isa = PBXFileReference; lastKnownFileType = archive.ar; path = libOCMock.a; sourceTree = "<group>"; };
		2ECA6051171B034D00F55660 /* NSNotificationCenter+OCMAdditions.h */ = {isa = PBXFileReference; fileEncoding = 4; lastKnownFileType = sourcecode.c.h; path = "NSNotificationCenter+OCMAdditions.h"; sourceTree = "<group>"; };
		2ECA6052171B034D00F55660 /* OCMArg.h */ = {isa = PBXFileReference; fileEncoding = 4; lastKnownFileType = sourcecode.c.h; path = OCMArg.h; sourceTree = "<group>"; };
		2ECA6053171B034D00F55660 /* OCMConstraint.h */ = {isa = PBXFileReference; fileEncoding = 4; lastKnownFileType = sourcecode.c.h; path = OCMConstraint.h; sourceTree = "<group>"; };
		2ECA6054171B034D00F55660 /* OCMock.h */ = {isa = PBXFileReference; fileEncoding = 4; lastKnownFileType = sourcecode.c.h; path = OCMock.h; sourceTree = "<group>"; };
		2ECA6055171B034D00F55660 /* OCMockObject.h */ = {isa = PBXFileReference; fileEncoding = 4; lastKnownFileType = sourcecode.c.h; path = OCMockObject.h; sourceTree = "<group>"; };
		2ECA6056171B034D00F55660 /* OCMockRecorder.h */ = {isa = PBXFileReference; fileEncoding = 4; lastKnownFileType = sourcecode.c.h; path = OCMockRecorder.h; sourceTree = "<group>"; };
		2ED449B21726E5B700A2E320 /* WZMGameWinViewController.h */ = {isa = PBXFileReference; fileEncoding = 4; lastKnownFileType = sourcecode.c.h; path = WZMGameWinViewController.h; sourceTree = "<group>"; };
		2ED449B31726E5B700A2E320 /* WZMGameWinViewController.m */ = {isa = PBXFileReference; fileEncoding = 4; lastKnownFileType = sourcecode.c.objc; path = WZMGameWinViewController.m; sourceTree = "<group>"; };
		2ED449B81727177300A2E320 /* WZMGamePlayViewController.h */ = {isa = PBXFileReference; fileEncoding = 4; lastKnownFileType = sourcecode.c.h; path = WZMGamePlayViewController.h; sourceTree = "<group>"; };
		2ED449B91727177300A2E320 /* WZMGamePlayViewController.m */ = {isa = PBXFileReference; fileEncoding = 4; lastKnownFileType = sourcecode.c.objc; path = WZMGamePlayViewController.m; sourceTree = "<group>"; };
		2ED449C3172AD1E800A2E320 /* WZMCreditsViewController.h */ = {isa = PBXFileReference; fileEncoding = 4; lastKnownFileType = sourcecode.c.h; path = WZMCreditsViewController.h; sourceTree = "<group>"; };
		2ED449C4172AD1E800A2E320 /* WZMCreditsViewController.m */ = {isa = PBXFileReference; fileEncoding = 4; lastKnownFileType = sourcecode.c.objc; path = WZMCreditsViewController.m; sourceTree = "<group>"; };
		2EE84488175F886900863016 /* background.png */ = {isa = PBXFileReference; lastKnownFileType = image.png; path = background.png; sourceTree = "<group>"; };
		2EE84489175F886900863016 /* star_1.png */ = {isa = PBXFileReference; lastKnownFileType = image.png; path = star_1.png; sourceTree = "<group>"; };
		2EE8448A175F886900863016 /* star_2.png */ = {isa = PBXFileReference; lastKnownFileType = image.png; path = star_2.png; sourceTree = "<group>"; };
		2EE8448B175F886900863016 /* star_3.png */ = {isa = PBXFileReference; lastKnownFileType = image.png; path = star_3.png; sourceTree = "<group>"; };
		2EE8448C175F886900863016 /* star_4.png */ = {isa = PBXFileReference; lastKnownFileType = image.png; path = star_4.png; sourceTree = "<group>"; };
		2EE8448D175F886900863016 /* star_empty.png */ = {isa = PBXFileReference; lastKnownFileType = image.png; path = star_empty.png; sourceTree = "<group>"; };
		2EF13D85178365FA0055E1DB /* star_5.png */ = {isa = PBXFileReference; lastKnownFileType = image.png; path = star_5.png; sourceTree = "<group>"; };
		2EF13D86178365FA0055E1DB /* star_6.png */ = {isa = PBXFileReference; lastKnownFileType = image.png; path = star_6.png; sourceTree = "<group>"; };
		2EF30051177CCA2C00ED3B3B /* WZMDataSourceFactory.h */ = {isa = PBXFileReference; fileEncoding = 4; lastKnownFileType = sourcecode.c.h; path = WZMDataSourceFactory.h; sourceTree = "<group>"; };
		2EF30052177CCA2C00ED3B3B /* WZMDataSourceFactory.m */ = {isa = PBXFileReference; fileEncoding = 4; lastKnownFileType = sourcecode.c.objc; path = WZMDataSourceFactory.m; sourceTree = "<group>"; };
		2EF30054177CCAFC00ED3B3B /* WZMDataSourceFactoryTests.h */ = {isa = PBXFileReference; fileEncoding = 4; lastKnownFileType = sourcecode.c.h; path = WZMDataSourceFactoryTests.h; sourceTree = "<group>"; };
		2EF30055177CCAFC00ED3B3B /* WZMDataSourceFactoryTests.m */ = {isa = PBXFileReference; fileEncoding = 4; lastKnownFileType = sourcecode.c.objc; path = WZMDataSourceFactoryTests.m; sourceTree = "<group>"; };
		2EF300571781CF2400ED3B3B /* title.png */ = {isa = PBXFileReference; lastKnownFileType = image.png; path = title.png; sourceTree = "<group>"; };
/* End PBXFileReference section */

/* Begin PBXFrameworksBuildPhase section */
		2ECA600C171B024D00F55660 /* Frameworks */ = {
			isa = PBXFrameworksBuildPhase;
			buildActionMask = 2147483647;
			files = (
				2ECA6013171B024D00F55660 /* UIKit.framework in Frameworks */,
				2ECA6015171B024D00F55660 /* Foundation.framework in Frameworks */,
				2ECA6017171B024D00F55660 /* CoreGraphics.framework in Frameworks */,
			);
			runOnlyForDeploymentPostprocessing = 0;
		};
		2ECA6031171B024E00F55660 /* Frameworks */ = {
			isa = PBXFrameworksBuildPhase;
			buildActionMask = 2147483647;
			files = (
				2ECA6037171B024E00F55660 /* SenTestingKit.framework in Frameworks */,
				2ECA6038171B024E00F55660 /* UIKit.framework in Frameworks */,
				2ECA6039171B024E00F55660 /* Foundation.framework in Frameworks */,
				2ECA604F171B033E00F55660 /* libOCMock.a in Frameworks */,
			);
			runOnlyForDeploymentPostprocessing = 0;
		};
/* End PBXFrameworksBuildPhase section */

/* Begin PBXGroup section */
		2E237B0E1753B6640015B5C6 /* UI Images */ = {
			isa = PBXGroup;
			children = (
				2E8BF463179840E600FC9C76 /* back.png */,
				2E8BF464179840E600FC9C76 /* play.png */,
				2E8BF45F1796EAE700FC9C76 /* credits_rect.png */,
				2E8BF4601796EAE700FC9C76 /* credits.png */,
				2E7FCCCE1795C750009051A4 /* cup.png */,
				2EE84488175F886900863016 /* background.png */,
				2E237B06175232940015B5C6 /* border_big.png */,
				2E237B07175232940015B5C6 /* border_small_1.png */,
				2E237B08175232940015B5C6 /* border_small_2.png */,
				2E237B09175232940015B5C6 /* border_small_3.png */,
				2EE84489175F886900863016 /* star_1.png */,
				2EE8448A175F886900863016 /* star_2.png */,
				2EE8448B175F886900863016 /* star_3.png */,
				2EE8448C175F886900863016 /* star_4.png */,
				2EF13D85178365FA0055E1DB /* star_5.png */,
				2EF13D86178365FA0055E1DB /* star_6.png */,
				2EE8448D175F886900863016 /* star_empty.png */,
				2EF300571781CF2400ED3B3B /* title.png */,
			);
			name = "UI Images";
			sourceTree = "<group>";
		};
		2E2D0B7217A6D0B600C7BF59 /* Level Images */ = {
			isa = PBXGroup;
			children = (
				2E2D0B7317A6D0B600C7BF59 /* acorns.png */,
				2E2D0B7417A6D0B600C7BF59 /* ant.png */,
				2E2D0B7517A6D0B600C7BF59 /* ant_2.png */,
				2E2D0B7617A6D0B600C7BF59 /* anteater.png */,
				2E2D0B7717A6D0B600C7BF59 /* anthill.png */,
				2E2D0B7817A6D0B600C7BF59 /* apple.png */,
				2E2D0B7917A6D0B600C7BF59 /* armadillo.png */,
				2E2D0B7A17A6D0B600C7BF59 /* armadillo_tail.png */,
				2E2D0B7B17A6D0B600C7BF59 /* banana.png */,
				2E2D0B7C17A6D0B600C7BF59 /* bat.png */,
				2E2D0B7D17A6D0B600C7BF59 /* beach.png */,
				2E2D0B7E17A6D0B600C7BF59 /* bear.png */,
				2E2D0B7F17A6D0B600C7BF59 /* beaver.png */,
				2E2D0B8017A6D0B600C7BF59 /* beaver_2.png */,
				2E2D0B8117A6D0B600C7BF59 /* beaver_dam.png */,
				2E2D0B8217A6D0B600C7BF59 /* beaver_tail.png */,
				2E2D0B8317A6D0B600C7BF59 /* bee.png */,
				2E2D0B8417A6D0B600C7BF59 /* bee_hive.png */,
				2E2D0B8517A6D0B600C7BF59 /* boar.png */,
				2E2D0B8617A6D0B600C7BF59 /* bone.png */,
				2E2D0B8717A6D0B600C7BF59 /* camel.png */,
				2E2D0B8817A6D0B600C7BF59 /* carrot.png */,
				2E2D0B8917A6D0B600C7BF59 /* cat.png */,
				2E2D0B8A17A6D0B600C7BF59 /* caterpillar.png */,
				2E2D0B8B17A6D0B600C7BF59 /* cave.png */,
				2E2D0B8C17A6D0B600C7BF59 /* chameleon.png */,
				2E2D0B8D17A6D0B600C7BF59 /* chameleon_tail.png */,
				2E2D0B8E17A6D0B600C7BF59 /* cheese.png */,
				2E2D0B8F17A6D0B600C7BF59 /* cow.png */,
				2E2D0B9017A6D0B600C7BF59 /* crab.png */,
				2E2D0B9117A6D0B600C7BF59 /* crocodile.png */,
				2E2D0B9217A6D0B600C7BF59 /* crocodile_tail.png */,
				2E2D0B9317A6D0B600C7BF59 /* deer.png */,
				2E2D0B9417A6D0B600C7BF59 /* desert.png */,
				2E2D0B9517A6D0B600C7BF59 /* dog.png */,
				2E2D0B9617A6D0B600C7BF59 /* dog_2.png */,
				2E2D0B9717A6D0B600C7BF59 /* doghouse.png */,
				2E2D0B9817A6D0B600C7BF59 /* dove.png */,
				2E2D0B9917A6D0B600C7BF59 /* dove_tail.png */,
				2E2D0B9A17A6D0B600C7BF59 /* eucalyptus.png */,
				2E2D0B9B17A6D0B600C7BF59 /* farm.png */,
				2E2D0B9C17A6D0B600C7BF59 /* fish.png */,
				2E2D0B9D17A6D0B600C7BF59 /* fly.png */,
				2E2D0B9E17A6D0B600C7BF59 /* forest.png */,
				2E2D0B9F17A6D0B600C7BF59 /* fox.png */,
				2E2D0BA017A6D0B600C7BF59 /* fox_tail.png */,
				2E2D0BA117A6D0B600C7BF59 /* frog.png */,
				2E2D0BA217A6D0B600C7BF59 /* frog_small.png */,
				2E2D0BA317A6D0B600C7BF59 /* grass.png */,
				2E2D0BA417A6D0B600C7BF59 /* hay.png */,
				2E2D0BA517A6D0B600C7BF59 /* hedgehog.png */,
				2E2D0BA617A6D0B600C7BF59 /* hen_house.png */,
				2E2D0BA717A6D0B600C7BF59 /* hollow.png */,
				2E2D0BA817A6D0B600C7BF59 /* honey.png */,
				2E2D0BA917A6D0B600C7BF59 /* horse.png */,
				2E2D0BAA17A6D0B600C7BF59 /* horse_2.png */,
				2E2D0BAB17A6D0B600C7BF59 /* horse_tail.png */,
				2E2D0BAC17A6D0B600C7BF59 /* ice.png */,
				2E2D0BAD17A6D0B600C7BF59 /* kangaroo.png */,
				2E2D0BAE17A6D0B600C7BF59 /* kangaroo_tail.png */,
				2E2D0BAF17A6D0B600C7BF59 /* koala.png */,
				2E2D0BB017A6D0B600C7BF59 /* lake.png */,
				2E2D0BB117A6D0B600C7BF59 /* leaves.png */,
				2E2D0BB217A6D0B600C7BF59 /* lion.png */,
				2E2D0BB317A6D0B600C7BF59 /* meat.png */,
				2E2D0BB417A6D0B600C7BF59 /* milk.png */,
				2E2D0BB517A6D0B600C7BF59 /* mole.png */,
				2E2D0BB617A6D0B600C7BF59 /* mole_hill.png */,
				2E2D0BB717A6D0B600C7BF59 /* monkey.png */,
				2E2D0BB817A6D0B600C7BF59 /* mountain_goat.png */,
				2E2D0BB917A6D0B600C7BF59 /* mouse.png */,
				2E2D0BBA17A6D0B600C7BF59 /* mouse_2.png */,
				2E2D0BBB17A6D0B600C7BF59 /* mouse_hole.png */,
				2E2D0BBC17A6D0B600C7BF59 /* nuts.png */,
				2E2D0BBD17A6D0B600C7BF59 /* owl.png */,
				2E2D0BBE17A6D0B600C7BF59 /* peacock.png */,
				2E2D0BBF17A6D0B600C7BF59 /* peacock_tail.png */,
				2E2D0BC017A6D0B600C7BF59 /* pelican.png */,
				2E2D0BC117A6D0B600C7BF59 /* pig.png */,
				2E2D0BC217A6D0B600C7BF59 /* polar_bear.png */,
				2E2D0BC317A6D0B600C7BF59 /* rabbit.png */,
				2E2D0BC417A6D0B600C7BF59 /* rabbit_2.png */,
				2E2D0BC517A6D0B600C7BF59 /* rabbit_3.png */,
				2E2D0BC617A6D0B600C7BF59 /* rabbit_hole.png */,
				2E2D0BC717A6D0B600C7BF59 /* rabbit_tail.png */,
				2E2D0BC817A6D0B600C7BF59 /* racoon.png */,
				2E2D0BC917A6D0B600C7BF59 /* racoon_tail.png */,
				2E2D0BCA17A6D0B600C7BF59 /* rocks.png */,
				2E2D0BCB17A6D0B600C7BF59 /* rooster.png */,
				2E2D0BCC17A6D0B600C7BF59 /* rooster_2.png */,
				2E2D0BCD17A6D0B600C7BF59 /* rooster_3.png */,
				2E2D0BCE17A6D0B600C7BF59 /* rooster_tail.png */,
				2E2D0BCF17A6D0B600C7BF59 /* seahorse.png */,
				2E2D0BD017A6D0B600C7BF59 /* seahorse_tail.png */,
				2E2D0BD117A6D0B600C7BF59 /* seal.png */,
				2E2D0BD217A6D0B600C7BF59 /* seal_tail.png */,
				2E2D0BD317A6D0B600C7BF59 /* skunk.png */,
				2E2D0BD417A6D0B600C7BF59 /* skunk_tail.png */,
				2E2D0BD517A6D0B600C7BF59 /* squirrel.png */,
				2E2D0BD617A6D0B600C7BF59 /* squirrel_2.png */,
				2E2D0BD717A6D0B600C7BF59 /* squirrel_tail.png */,
				2E2D0BD817A6D0B600C7BF59 /* stingray.png */,
				2E2D0BD917A6D0B600C7BF59 /* stingray_tail.png */,
				2E2D0BDA17A6D0B600C7BF59 /* stork.png */,
				2E2D0BDB17A6D0B600C7BF59 /* stork_2.png */,
				2E2D0BDC17A6D0B600C7BF59 /* stork_nest.png */,
				2E2D0BDD17A6D0B600C7BF59 /* swallow.png */,
				2E2D0BDE17A6D0B600C7BF59 /* swallow_2.png */,
				2E2D0BDF17A6D0B600C7BF59 /* swallow_nest.png */,
				2E2D0BE017A6D0B600C7BF59 /* swallow_tail.png */,
				2E2D0BE117A6D0B600C7BF59 /* swan.png */,
				2E2D0BE217A6D0B600C7BF59 /* turkey.png */,
				2E2D0BE317A6D0B600C7BF59 /* turkey_tail.png */,
				2E2D0BE417A6D0B600C7BF59 /* whale.png */,
				2E2D0BE517A6D0B600C7BF59 /* whale_tail.png */,
				2E2D0BE617A6D0B600C7BF59 /* wheat.png */,
			);
			name = "Level Images";
			path = Images;
			sourceTree = "<group>";
		};
		2ECA6006171B024D00F55660 = {
			isa = PBXGroup;
			children = (
				2ECA6018171B024D00F55660 /* Matchnimals */,
				2ECA603C171B024E00F55660 /* MatchnimalsTests */,
				2ECA604D171B030000F55660 /* Libraries */,
				2ECA6011171B024D00F55660 /* Frameworks */,
				2ECA6010171B024D00F55660 /* Products */,
			);
			sourceTree = "<group>";
		};
		2ECA6010171B024D00F55660 /* Products */ = {
			isa = PBXGroup;
			children = (
				2ECA600F171B024D00F55660 /* Matchnimals.app */,
				2ECA6035171B024E00F55660 /* MatchnimalsTests.octest */,
			);
			name = Products;
			sourceTree = "<group>";
		};
		2ECA6011171B024D00F55660 /* Frameworks */ = {
			isa = PBXGroup;
			children = (
				2ECA6012171B024D00F55660 /* UIKit.framework */,
				2ECA6014171B024D00F55660 /* Foundation.framework */,
				2ECA6016171B024D00F55660 /* CoreGraphics.framework */,
				2ECA6036171B024E00F55660 /* SenTestingKit.framework */,
			);
			name = Frameworks;
			sourceTree = "<group>";
		};
		2ECA6018171B024D00F55660 /* Matchnimals */ = {
			isa = PBXGroup;
			children = (
				2E39EAFC17835FC90023A8F8 /* Credits.plist */,
				2E9003711758F4D500D32EBD /* Levels.plist */,
				2ECA602A171B024D00F55660 /* MainStoryboard.storyboard */,
				2ECA6019171B024D00F55660 /* Supporting Files */,
				2E2D0B7217A6D0B600C7BF59 /* Level Images */,
				2E237B0E1753B6640015B5C6 /* UI Images */,
				2ECA6021171B024D00F55660 /* WZMAppDelegate.h */,
				2ECA6022171B024D00F55660 /* WZMAppDelegate.m */,
				2E237B171755355A0015B5C6 /* WZMArrayHelper.h */,
				2E237B181755355A0015B5C6 /* WZMArrayHelper.m */,
				2ED449C3172AD1E800A2E320 /* WZMCreditsViewController.h */,
				2ED449C4172AD1E800A2E320 /* WZMCreditsViewController.m */,
				2EF30051177CCA2C00ED3B3B /* WZMDataSourceFactory.h */,
				2EF30052177CCA2C00ED3B3B /* WZMDataSourceFactory.m */,
				2E237B131753B8F40015B5C6 /* WZMGameController.h */,
				2E237B141753B8F40015B5C6 /* WZMGameController.m */,
				2E237B121753B8B20015B5C6 /* WZMGameControllerDataSource.h */,
				2E237B161753BA250015B5C6 /* WZMGameControllerDelegate.h */,
				2EC7B5FD173E7E9800214975 /* WZMGamePlayDataSource.h */,
				2ED449B81727177300A2E320 /* WZMGamePlayViewController.h */,
				2ED449B91727177300A2E320 /* WZMGamePlayViewController.m */,
				2EC7B60F173EC03D00214975 /* WZMGameRound.h */,
				2EC7B610173EC03D00214975 /* WZMGameRound.m */,
				2ED449B21726E5B700A2E320 /* WZMGameWinViewController.h */,
				2ED449B31726E5B700A2E320 /* WZMGameWinViewController.m */,
				2ECA602D171B024D00F55660 /* WZMMainViewController.h */,
				2ECA602E171B024D00F55660 /* WZMMainViewController.m */,
				2E90036E1757F27900D32EBD /* WZMPlistDataReader.h */,
				2E90036F1757F27900D32EBD /* WZMPlistDataReader.m */,
				2E900376175934E600D32EBD /* WZMRandomizingGameControllerDataSource.h */,
				2E900377175934E600D32EBD /* WZMRandomizingGameControllerDataSource.m */,
			);
			path = Matchnimals;
			sourceTree = "<group>";
		};
		2ECA6019171B024D00F55660 /* Supporting Files */ = {
			isa = PBXGroup;
			children = (
				2ECA601A171B024D00F55660 /* Matchnimals-Info.plist */,
				2ECA601B171B024D00F55660 /* InfoPlist.strings */,
				2ECA601E171B024D00F55660 /* main.m */,
				2ECA6020171B024D00F55660 /* Matchnimals-Prefix.pch */,
				2ECA6024171B024D00F55660 /* Default.png */,
				2ECA6026171B024D00F55660 /* Default@2x.png */,
				2ECA6028171B024D00F55660 /* Default-568h@2x.png */,
			);
			name = "Supporting Files";
			sourceTree = "<group>";
		};
		2ECA603C171B024E00F55660 /* MatchnimalsTests */ = {
			isa = PBXGroup;
			children = (
				2E237B1D1757DA980015B5C6 /* Levels.plist */,
				2ECA603D171B024E00F55660 /* Supporting Files */,
				2E237B1A1755385D0015B5C6 /* WZMArrayHelperTests.h */,
				2E237B1B1755385D0015B5C6 /* WZMArrayHelperTests.m */,
				2EF30054177CCAFC00ED3B3B /* WZMDataSourceFactoryTests.h */,
				2EF30055177CCAFC00ED3B3B /* WZMDataSourceFactoryTests.m */,
				2E237B0F1753B7B90015B5C6 /* WZMGameControllerTests.h */,
				2E237B101753B7B90015B5C6 /* WZMGameControllerTests.m */,
				2EC7B5EE173C3DB600214975 /* WZMGamePlayViewControllerTests.h */,
				2EC7B5EF173C3DB600214975 /* WZMGamePlayViewControllerTests.m */,
				2EC7B612173EC0DC00214975 /* WZMGameRoundTests.h */,
				2EC7B613173EC0DC00214975 /* WZMGameRoundTests.m */,
				2E80D1E617735D150021B9AB /* WZMMainViewControllerTests.h */,
				2E80D1E717735D150021B9AB /* WZMMainViewControllerTests.m */,
				2E90036B1757E63C00D32EBD /* WZMPlistDataReaderTests.h */,
				2E90036C1757E63C00D32EBD /* WZMPlistDataReaderTests.m */,
				2E9003791759352C00D32EBD /* WZMRandomizingGameControllerDataSourceTests.h */,
				2E90037A1759352C00D32EBD /* WZMRandomizingGameControllerDataSourceTests.m */,
			);
			path = MatchnimalsTests;
			sourceTree = "<group>";
		};
		2ECA603D171B024E00F55660 /* Supporting Files */ = {
			isa = PBXGroup;
			children = (
				2ECA603E171B024E00F55660 /* MatchnimalsTests-Info.plist */,
				2ECA603F171B024E00F55660 /* InfoPlist.strings */,
			);
			name = "Supporting Files";
			sourceTree = "<group>";
		};
		2ECA604D171B030000F55660 /* Libraries */ = {
			isa = PBXGroup;
			children = (
				2ECA6050171B034D00F55660 /* OCMock */,
				2ECA604E171B033E00F55660 /* libOCMock.a */,
			);
			path = Libraries;
			sourceTree = "<group>";
		};
		2ECA6050171B034D00F55660 /* OCMock */ = {
			isa = PBXGroup;
			children = (
				2ECA6051171B034D00F55660 /* NSNotificationCenter+OCMAdditions.h */,
				2ECA6052171B034D00F55660 /* OCMArg.h */,
				2ECA6053171B034D00F55660 /* OCMConstraint.h */,
				2ECA6054171B034D00F55660 /* OCMock.h */,
				2ECA6055171B034D00F55660 /* OCMockObject.h */,
				2ECA6056171B034D00F55660 /* OCMockRecorder.h */,
			);
			path = OCMock;
			sourceTree = "<group>";
		};
/* End PBXGroup section */

/* Begin PBXNativeTarget section */
		2ECA600E171B024D00F55660 /* Matchnimals */ = {
			isa = PBXNativeTarget;
			buildConfigurationList = 2ECA6047171B024E00F55660 /* Build configuration list for PBXNativeTarget "Matchnimals" */;
			buildPhases = (
				2ECA600B171B024D00F55660 /* Sources */,
				2ECA600C171B024D00F55660 /* Frameworks */,
				2ECA600D171B024D00F55660 /* Resources */,
			);
			buildRules = (
			);
			dependencies = (
			);
			name = Matchnimals;
			productName = Matchnimals;
			productReference = 2ECA600F171B024D00F55660 /* Matchnimals.app */;
			productType = "com.apple.product-type.application";
		};
		2ECA6034171B024E00F55660 /* MatchnimalsTests */ = {
			isa = PBXNativeTarget;
			buildConfigurationList = 2ECA604A171B024E00F55660 /* Build configuration list for PBXNativeTarget "MatchnimalsTests" */;
			buildPhases = (
				2ECA6030171B024E00F55660 /* Sources */,
				2ECA6031171B024E00F55660 /* Frameworks */,
				2ECA6032171B024E00F55660 /* Resources */,
				2ECA6033171B024E00F55660 /* ShellScript */,
			);
			buildRules = (
			);
			dependencies = (
				2ECA603B171B024E00F55660 /* PBXTargetDependency */,
			);
			name = MatchnimalsTests;
			productName = MatchnimalsTests;
			productReference = 2ECA6035171B024E00F55660 /* MatchnimalsTests.octest */;
			productType = "com.apple.product-type.bundle";
		};
/* End PBXNativeTarget section */

/* Begin PBXProject section */
		2ECA6007171B024D00F55660 /* Project object */ = {
			isa = PBXProject;
			attributes = {
				CLASSPREFIX = WZM;
				LastUpgradeCheck = 0460;
				ORGANIZATIONNAME = "Wojciech Zawistowski";
			};
			buildConfigurationList = 2ECA600A171B024D00F55660 /* Build configuration list for PBXProject "Matchnimals" */;
			compatibilityVersion = "Xcode 3.2";
			developmentRegion = English;
			hasScannedForEncodings = 0;
			knownRegions = (
				en,
			);
			mainGroup = 2ECA6006171B024D00F55660;
			productRefGroup = 2ECA6010171B024D00F55660 /* Products */;
			projectDirPath = "";
			projectRoot = "";
			targets = (
				2ECA600E171B024D00F55660 /* Matchnimals */,
				2ECA6034171B024E00F55660 /* MatchnimalsTests */,
			);
		};
/* End PBXProject section */

/* Begin PBXResourcesBuildPhase section */
		2ECA600D171B024D00F55660 /* Resources */ = {
			isa = PBXResourcesBuildPhase;
			buildActionMask = 2147483647;
			files = (
				2ECA601D171B024D00F55660 /* InfoPlist.strings in Resources */,
				2ECA6025171B024D00F55660 /* Default.png in Resources */,
				2ECA6027171B024D00F55660 /* Default@2x.png in Resources */,
				2ECA6029171B024D00F55660 /* Default-568h@2x.png in Resources */,
				2ECA602C171B024D00F55660 /* MainStoryboard.storyboard in Resources */,
				2E237B0A175232940015B5C6 /* border_big.png in Resources */,
				2E237B0B175232940015B5C6 /* border_small_1.png in Resources */,
				2E237B0C175232940015B5C6 /* border_small_2.png in Resources */,
				2E237B0D175232940015B5C6 /* border_small_3.png in Resources */,
				2E9003721758F4D500D32EBD /* Levels.plist in Resources */,
				2EE8448E175F886900863016 /* background.png in Resources */,
				2EE8448F175F886900863016 /* star_1.png in Resources */,
				2EE84490175F886900863016 /* star_2.png in Resources */,
				2EE84491175F886900863016 /* star_3.png in Resources */,
				2EE84492175F886900863016 /* star_4.png in Resources */,
				2EE84493175F886900863016 /* star_empty.png in Resources */,
				2EF300581781CF2400ED3B3B /* title.png in Resources */,
				2E39EAFD17835FC90023A8F8 /* Credits.plist in Resources */,
				2EF13D87178365FA0055E1DB /* star_5.png in Resources */,
				2EF13D88178365FA0055E1DB /* star_6.png in Resources */,
				2E7FCCCF1795C750009051A4 /* cup.png in Resources */,
				2E8BF4611796EAE700FC9C76 /* credits_rect.png in Resources */,
				2E8BF4621796EAE700FC9C76 /* credits.png in Resources */,
				2E8BF465179840E600FC9C76 /* back.png in Resources */,
				2E8BF466179840E600FC9C76 /* play.png in Resources */,
				2E2D0BE717A6D0B600C7BF59 /* acorns.png in Resources */,
				2E2D0BE817A6D0B600C7BF59 /* ant.png in Resources */,
				2E2D0BE917A6D0B600C7BF59 /* ant_2.png in Resources */,
				2E2D0BEA17A6D0B600C7BF59 /* anteater.png in Resources */,
				2E2D0BEB17A6D0B600C7BF59 /* anthill.png in Resources */,
				2E2D0BEC17A6D0B600C7BF59 /* apple.png in Resources */,
				2E2D0BED17A6D0B600C7BF59 /* armadillo.png in Resources */,
				2E2D0BEE17A6D0B600C7BF59 /* armadillo_tail.png in Resources */,
				2E2D0BEF17A6D0B600C7BF59 /* banana.png in Resources */,
				2E2D0BF017A6D0B600C7BF59 /* bat.png in Resources */,
				2E2D0BF117A6D0B600C7BF59 /* beach.png in Resources */,
				2E2D0BF217A6D0B600C7BF59 /* bear.png in Resources */,
				2E2D0BF317A6D0B600C7BF59 /* beaver.png in Resources */,
				2E2D0BF417A6D0B600C7BF59 /* beaver_2.png in Resources */,
				2E2D0BF517A6D0B600C7BF59 /* beaver_dam.png in Resources */,
				2E2D0BF617A6D0B600C7BF59 /* beaver_tail.png in Resources */,
				2E2D0BF717A6D0B600C7BF59 /* bee.png in Resources */,
				2E2D0BF817A6D0B600C7BF59 /* bee_hive.png in Resources */,
				2E2D0BF917A6D0B600C7BF59 /* boar.png in Resources */,
				2E2D0BFA17A6D0B600C7BF59 /* bone.png in Resources */,
				2E2D0BFB17A6D0B600C7BF59 /* camel.png in Resources */,
				2E2D0BFC17A6D0B600C7BF59 /* carrot.png in Resources */,
				2E2D0BFD17A6D0B600C7BF59 /* cat.png in Resources */,
				2E2D0BFE17A6D0B600C7BF59 /* caterpillar.png in Resources */,
				2E2D0BFF17A6D0B600C7BF59 /* cave.png in Resources */,
				2E2D0C0017A6D0B600C7BF59 /* chameleon.png in Resources */,
				2E2D0C0117A6D0B600C7BF59 /* chameleon_tail.png in Resources */,
				2E2D0C0217A6D0B600C7BF59 /* cheese.png in Resources */,
				2E2D0C0317A6D0B600C7BF59 /* cow.png in Resources */,
				2E2D0C0417A6D0B600C7BF59 /* crab.png in Resources */,
				2E2D0C0517A6D0B600C7BF59 /* crocodile.png in Resources */,
				2E2D0C0617A6D0B600C7BF59 /* crocodile_tail.png in Resources */,
				2E2D0C0717A6D0B600C7BF59 /* deer.png in Resources */,
				2E2D0C0817A6D0B600C7BF59 /* desert.png in Resources */,
				2E2D0C0917A6D0B600C7BF59 /* dog.png in Resources */,
				2E2D0C0A17A6D0B600C7BF59 /* dog_2.png in Resources */,
				2E2D0C0B17A6D0B600C7BF59 /* doghouse.png in Resources */,
				2E2D0C0C17A6D0B600C7BF59 /* dove.png in Resources */,
				2E2D0C0D17A6D0B600C7BF59 /* dove_tail.png in Resources */,
				2E2D0C0E17A6D0B600C7BF59 /* eucalyptus.png in Resources */,
				2E2D0C0F17A6D0B600C7BF59 /* farm.png in Resources */,
				2E2D0C1017A6D0B600C7BF59 /* fish.png in Resources */,
				2E2D0C1117A6D0B600C7BF59 /* fly.png in Resources */,
				2E2D0C1217A6D0B600C7BF59 /* forest.png in Resources */,
				2E2D0C1317A6D0B600C7BF59 /* fox.png in Resources */,
				2E2D0C1417A6D0B600C7BF59 /* fox_tail.png in Resources */,
				2E2D0C1517A6D0B600C7BF59 /* frog.png in Resources */,
				2E2D0C1617A6D0B600C7BF59 /* frog_small.png in Resources */,
				2E2D0C1717A6D0B600C7BF59 /* grass.png in Resources */,
				2E2D0C1817A6D0B600C7BF59 /* hay.png in Resources */,
				2E2D0C1917A6D0B600C7BF59 /* hedgehog.png in Resources */,
				2E2D0C1A17A6D0B600C7BF59 /* hen_house.png in Resources */,
				2E2D0C1B17A6D0B600C7BF59 /* hollow.png in Resources */,
				2E2D0C1C17A6D0B600C7BF59 /* honey.png in Resources */,
				2E2D0C1D17A6D0B600C7BF59 /* horse.png in Resources */,
				2E2D0C1E17A6D0B600C7BF59 /* horse_2.png in Resources */,
				2E2D0C1F17A6D0B600C7BF59 /* horse_tail.png in Resources */,
				2E2D0C2017A6D0B600C7BF59 /* ice.png in Resources */,
				2E2D0C2117A6D0B600C7BF59 /* kangaroo.png in Resources */,
				2E2D0C2217A6D0B600C7BF59 /* kangaroo_tail.png in Resources */,
				2E2D0C2317A6D0B600C7BF59 /* koala.png in Resources */,
				2E2D0C2417A6D0B600C7BF59 /* lake.png in Resources */,
				2E2D0C2517A6D0B600C7BF59 /* leaves.png in Resources */,
				2E2D0C2617A6D0B600C7BF59 /* lion.png in Resources */,
				2E2D0C2717A6D0B600C7BF59 /* meat.png in Resources */,
				2E2D0C2817A6D0B600C7BF59 /* milk.png in Resources */,
				2E2D0C2917A6D0B600C7BF59 /* mole.png in Resources */,
				2E2D0C2A17A6D0B600C7BF59 /* mole_hill.png in Resources */,
				2E2D0C2B17A6D0B600C7BF59 /* monkey.png in Resources */,
				2E2D0C2C17A6D0B600C7BF59 /* mountain_goat.png in Resources */,
				2E2D0C2D17A6D0B600C7BF59 /* mouse.png in Resources */,
				2E2D0C2E17A6D0B600C7BF59 /* mouse_2.png in Resources */,
				2E2D0C2F17A6D0B600C7BF59 /* mouse_hole.png in Resources */,
				2E2D0C3017A6D0B600C7BF59 /* nuts.png in Resources */,
				2E2D0C3117A6D0B600C7BF59 /* owl.png in Resources */,
				2E2D0C3217A6D0B600C7BF59 /* peacock.png in Resources */,
				2E2D0C3317A6D0B600C7BF59 /* peacock_tail.png in Resources */,
				2E2D0C3417A6D0B600C7BF59 /* pelican.png in Resources */,
				2E2D0C3517A6D0B600C7BF59 /* pig.png in Resources */,
				2E2D0C3617A6D0B600C7BF59 /* polar_bear.png in Resources */,
				2E2D0C3717A6D0B600C7BF59 /* rabbit.png in Resources */,
				2E2D0C3817A6D0B600C7BF59 /* rabbit_2.png in Resources */,
				2E2D0C3917A6D0B600C7BF59 /* rabbit_3.png in Resources */,
				2E2D0C3A17A6D0B600C7BF59 /* rabbit_hole.png in Resources */,
				2E2D0C3B17A6D0B600C7BF59 /* rabbit_tail.png in Resources */,
				2E2D0C3C17A6D0B600C7BF59 /* racoon.png in Resources */,
				2E2D0C3D17A6D0B600C7BF59 /* racoon_tail.png in Resources */,
				2E2D0C3E17A6D0B600C7BF59 /* rocks.png in Resources */,
				2E2D0C3F17A6D0B600C7BF59 /* rooster.png in Resources */,
				2E2D0C4017A6D0B600C7BF59 /* rooster_2.png in Resources */,
				2E2D0C4117A6D0B600C7BF59 /* rooster_3.png in Resources */,
				2E2D0C4217A6D0B600C7BF59 /* rooster_tail.png in Resources */,
				2E2D0C4317A6D0B600C7BF59 /* seahorse.png in Resources */,
				2E2D0C4417A6D0B600C7BF59 /* seahorse_tail.png in Resources */,
				2E2D0C4517A6D0B600C7BF59 /* seal.png in Resources */,
				2E2D0C4617A6D0B600C7BF59 /* seal_tail.png in Resources */,
				2E2D0C4717A6D0B600C7BF59 /* skunk.png in Resources */,
				2E2D0C4817A6D0B600C7BF59 /* skunk_tail.png in Resources */,
				2E2D0C4917A6D0B600C7BF59 /* squirrel.png in Resources */,
				2E2D0C4A17A6D0B600C7BF59 /* squirrel_2.png in Resources */,
				2E2D0C4B17A6D0B600C7BF59 /* squirrel_tail.png in Resources */,
				2E2D0C4C17A6D0B600C7BF59 /* stingray.png in Resources */,
				2E2D0C4D17A6D0B600C7BF59 /* stingray_tail.png in Resources */,
				2E2D0C4E17A6D0B600C7BF59 /* stork.png in Resources */,
				2E2D0C4F17A6D0B600C7BF59 /* stork_2.png in Resources */,
				2E2D0C5017A6D0B600C7BF59 /* stork_nest.png in Resources */,
				2E2D0C5117A6D0B600C7BF59 /* swallow.png in Resources */,
				2E2D0C5217A6D0B600C7BF59 /* swallow_2.png in Resources */,
				2E2D0C5317A6D0B600C7BF59 /* swallow_nest.png in Resources */,
				2E2D0C5417A6D0B600C7BF59 /* swallow_tail.png in Resources */,
				2E2D0C5517A6D0B600C7BF59 /* swan.png in Resources */,
				2E2D0C5617A6D0B600C7BF59 /* turkey.png in Resources */,
				2E2D0C5717A6D0B600C7BF59 /* turkey_tail.png in Resources */,
				2E2D0C5817A6D0B600C7BF59 /* whale.png in Resources */,
				2E2D0C5917A6D0B600C7BF59 /* whale_tail.png in Resources */,
				2E2D0C5A17A6D0B600C7BF59 /* wheat.png in Resources */,
			);
			runOnlyForDeploymentPostprocessing = 0;
		};
		2ECA6032171B024E00F55660 /* Resources */ = {
			isa = PBXResourcesBuildPhase;
			buildActionMask = 2147483647;
			files = (
				2ECA6041171B024E00F55660 /* InfoPlist.strings in Resources */,
				2E237B1E1757DA980015B5C6 /* Levels.plist in Resources */,
			);
			runOnlyForDeploymentPostprocessing = 0;
		};
/* End PBXResourcesBuildPhase section */

/* Begin PBXShellScriptBuildPhase section */
		2ECA6033171B024E00F55660 /* ShellScript */ = {
			isa = PBXShellScriptBuildPhase;
			buildActionMask = 2147483647;
			files = (
			);
			inputPaths = (
			);
			outputPaths = (
			);
			runOnlyForDeploymentPostprocessing = 0;
			shellPath = /bin/sh;
			shellScript = "# Run the unit tests in this test bundle.\n\"${SYSTEM_DEVELOPER_DIR}/Tools/RunUnitTests\"\n";
		};
/* End PBXShellScriptBuildPhase section */

/* Begin PBXSourcesBuildPhase section */
		2ECA600B171B024D00F55660 /* Sources */ = {
			isa = PBXSourcesBuildPhase;
			buildActionMask = 2147483647;
			files = (
				2ECA601F171B024D00F55660 /* main.m in Sources */,
				2ECA6023171B024D00F55660 /* WZMAppDelegate.m in Sources */,
				2ECA602F171B024D00F55660 /* WZMMainViewController.m in Sources */,
				2ED449B41726E5B700A2E320 /* WZMGameWinViewController.m in Sources */,
				2ED449BB1727177300A2E320 /* WZMGamePlayViewController.m in Sources */,
				2ED449C5172AD1E800A2E320 /* WZMCreditsViewController.m in Sources */,
				2EC7B611173EC03D00214975 /* WZMGameRound.m in Sources */,
				2E237B151753B8F40015B5C6 /* WZMGameController.m in Sources */,
				2E237B191755355A0015B5C6 /* WZMArrayHelper.m in Sources */,
				2E9003701757F27900D32EBD /* WZMPlistDataReader.m in Sources */,
				2E900378175934E600D32EBD /* WZMRandomizingGameControllerDataSource.m in Sources */,
				2EF30053177CCA2C00ED3B3B /* WZMDataSourceFactory.m in Sources */,
			);
			runOnlyForDeploymentPostprocessing = 0;
		};
		2ECA6030171B024E00F55660 /* Sources */ = {
			isa = PBXSourcesBuildPhase;
			buildActionMask = 2147483647;
			files = (
				2EC7B5F0173C3DB600214975 /* WZMGamePlayViewControllerTests.m in Sources */,
				2EC7B614173EC0DC00214975 /* WZMGameRoundTests.m in Sources */,
				2E237B111753B7B90015B5C6 /* WZMGameControllerTests.m in Sources */,
				2E237B1C1755385D0015B5C6 /* WZMArrayHelperTests.m in Sources */,
				2E90036D1757E63C00D32EBD /* WZMPlistDataReaderTests.m in Sources */,
				2E90037B1759352C00D32EBD /* WZMRandomizingGameControllerDataSourceTests.m in Sources */,
				2E80D1E817735D150021B9AB /* WZMMainViewControllerTests.m in Sources */,
				2EF30056177CCAFC00ED3B3B /* WZMDataSourceFactoryTests.m in Sources */,
			);
			runOnlyForDeploymentPostprocessing = 0;
		};
/* End PBXSourcesBuildPhase section */

/* Begin PBXTargetDependency section */
		2ECA603B171B024E00F55660 /* PBXTargetDependency */ = {
			isa = PBXTargetDependency;
			target = 2ECA600E171B024D00F55660 /* Matchnimals */;
			targetProxy = 2ECA603A171B024E00F55660 /* PBXContainerItemProxy */;
		};
/* End PBXTargetDependency section */

/* Begin PBXVariantGroup section */
		2ECA601B171B024D00F55660 /* InfoPlist.strings */ = {
			isa = PBXVariantGroup;
			children = (
				2ECA601C171B024D00F55660 /* en */,
			);
			name = InfoPlist.strings;
			sourceTree = "<group>";
		};
		2ECA602A171B024D00F55660 /* MainStoryboard.storyboard */ = {
			isa = PBXVariantGroup;
			children = (
				2ECA602B171B024D00F55660 /* en */,
			);
			name = MainStoryboard.storyboard;
			sourceTree = "<group>";
		};
		2ECA603F171B024E00F55660 /* InfoPlist.strings */ = {
			isa = PBXVariantGroup;
			children = (
				2ECA6040171B024E00F55660 /* en */,
			);
			name = InfoPlist.strings;
			sourceTree = "<group>";
		};
/* End PBXVariantGroup section */

/* Begin XCBuildConfiguration section */
		2ECA6045171B024E00F55660 /* Debug */ = {
			isa = XCBuildConfiguration;
			buildSettings = {
				ALWAYS_SEARCH_USER_PATHS = NO;
				CLANG_CXX_LANGUAGE_STANDARD = "gnu++0x";
				CLANG_CXX_LIBRARY = "libc++";
				CLANG_ENABLE_OBJC_ARC = YES;
				CLANG_WARN_CONSTANT_CONVERSION = YES;
				CLANG_WARN_EMPTY_BODY = YES;
				CLANG_WARN_ENUM_CONVERSION = YES;
				CLANG_WARN_INT_CONVERSION = YES;
				CLANG_WARN__DUPLICATE_METHOD_MATCH = YES;
				"CODE_SIGN_IDENTITY[sdk=iphoneos*]" = "iPhone Developer";
				COPY_PHASE_STRIP = NO;
				GCC_C_LANGUAGE_STANDARD = gnu99;
				GCC_DYNAMIC_NO_PIC = NO;
				GCC_OPTIMIZATION_LEVEL = 0;
				GCC_PREPROCESSOR_DEFINITIONS = (
					"DEBUG=1",
					"$(inherited)",
				);
				GCC_SYMBOLS_PRIVATE_EXTERN = NO;
				GCC_WARN_ABOUT_RETURN_TYPE = YES;
				GCC_WARN_UNINITIALIZED_AUTOS = YES;
				GCC_WARN_UNUSED_VARIABLE = YES;
				IPHONEOS_DEPLOYMENT_TARGET = 6.1;
				ONLY_ACTIVE_ARCH = YES;
				SDKROOT = iphoneos;
				TARGETED_DEVICE_FAMILY = 2;
			};
			name = Debug;
		};
		2ECA6046171B024E00F55660 /* Release */ = {
			isa = XCBuildConfiguration;
			buildSettings = {
				ALWAYS_SEARCH_USER_PATHS = NO;
				CLANG_CXX_LANGUAGE_STANDARD = "gnu++0x";
				CLANG_CXX_LIBRARY = "libc++";
				CLANG_ENABLE_OBJC_ARC = YES;
				CLANG_WARN_CONSTANT_CONVERSION = YES;
				CLANG_WARN_EMPTY_BODY = YES;
				CLANG_WARN_ENUM_CONVERSION = YES;
				CLANG_WARN_INT_CONVERSION = YES;
				CLANG_WARN__DUPLICATE_METHOD_MATCH = YES;
				"CODE_SIGN_IDENTITY[sdk=iphoneos*]" = "iPhone Developer";
				COPY_PHASE_STRIP = YES;
				GCC_C_LANGUAGE_STANDARD = gnu99;
				GCC_WARN_ABOUT_RETURN_TYPE = YES;
				GCC_WARN_UNINITIALIZED_AUTOS = YES;
				GCC_WARN_UNUSED_VARIABLE = YES;
				IPHONEOS_DEPLOYMENT_TARGET = 6.1;
				OTHER_CFLAGS = "-DNS_BLOCK_ASSERTIONS=1";
				SDKROOT = iphoneos;
				TARGETED_DEVICE_FAMILY = 2;
				VALIDATE_PRODUCT = YES;
			};
			name = Release;
		};
		2ECA6048171B024E00F55660 /* Debug */ = {
			isa = XCBuildConfiguration;
			buildSettings = {
				GCC_PRECOMPILE_PREFIX_HEADER = YES;
				GCC_PREFIX_HEADER = "Matchnimals/Matchnimals-Prefix.pch";
				INFOPLIST_FILE = "Matchnimals/Matchnimals-Info.plist";
				PRODUCT_NAME = "$(TARGET_NAME)";
				WRAPPER_EXTENSION = app;
			};
			name = Debug;
		};
		2ECA6049171B024E00F55660 /* Release */ = {
			isa = XCBuildConfiguration;
			buildSettings = {
				GCC_PRECOMPILE_PREFIX_HEADER = YES;
				GCC_PREFIX_HEADER = "Matchnimals/Matchnimals-Prefix.pch";
				INFOPLIST_FILE = "Matchnimals/Matchnimals-Info.plist";
				PRODUCT_NAME = "$(TARGET_NAME)";
				WRAPPER_EXTENSION = app;
			};
			name = Release;
		};
		2ECA604B171B024E00F55660 /* Debug */ = {
			isa = XCBuildConfiguration;
			buildSettings = {
				BUNDLE_LOADER = "$(BUILT_PRODUCTS_DIR)/Matchnimals.app/Matchnimals";
				FRAMEWORK_SEARCH_PATHS = (
					"\"$(SDKROOT)/Developer/Library/Frameworks\"",
					"\"$(DEVELOPER_LIBRARY_DIR)/Frameworks\"",
				);
				GCC_PRECOMPILE_PREFIX_HEADER = YES;
				GCC_PREFIX_HEADER = "Matchnimals/Matchnimals-Prefix.pch";
				HEADER_SEARCH_PATHS = "$(PROJECT_DIR)/Libraries/**";
				INFOPLIST_FILE = "MatchnimalsTests/MatchnimalsTests-Info.plist";
				LIBRARY_SEARCH_PATHS = (
					"$(inherited)",
					"\"$(SRCROOT)/Libraries\"",
				);
				OTHER_LDFLAGS = (
					"-force_load",
					"$(PROJECT_DIR)/Libraries/libOCMock.a",
				);
				PRODUCT_NAME = "$(TARGET_NAME)";
				TEST_HOST = "$(BUNDLE_LOADER)";
				WRAPPER_EXTENSION = octest;
			};
			name = Debug;
		};
		2ECA604C171B024E00F55660 /* Release */ = {
			isa = XCBuildConfiguration;
			buildSettings = {
				BUNDLE_LOADER = "$(BUILT_PRODUCTS_DIR)/Matchnimals.app/Matchnimals";
				FRAMEWORK_SEARCH_PATHS = (
					"\"$(SDKROOT)/Developer/Library/Frameworks\"",
					"\"$(DEVELOPER_LIBRARY_DIR)/Frameworks\"",
				);
				GCC_PRECOMPILE_PREFIX_HEADER = YES;
				GCC_PREFIX_HEADER = "Matchnimals/Matchnimals-Prefix.pch";
				HEADER_SEARCH_PATHS = "$(PROJECT_DIR)/Libraries/**";
				INFOPLIST_FILE = "MatchnimalsTests/MatchnimalsTests-Info.plist";
				LIBRARY_SEARCH_PATHS = (
					"$(inherited)",
					"\"$(SRCROOT)/Libraries\"",
				);
				OTHER_LDFLAGS = (
					"-force_load",
					"$(PROJECT_DIR)/Libraries/libOCMock.a",
				);
				PRODUCT_NAME = "$(TARGET_NAME)";
				TEST_HOST = "$(BUNDLE_LOADER)";
				WRAPPER_EXTENSION = octest;
			};
			name = Release;
		};
/* End XCBuildConfiguration section */

/* Begin XCConfigurationList section */
		2ECA600A171B024D00F55660 /* Build configuration list for PBXProject "Matchnimals" */ = {
			isa = XCConfigurationList;
			buildConfigurations = (
				2ECA6045171B024E00F55660 /* Debug */,
				2ECA6046171B024E00F55660 /* Release */,
			);
			defaultConfigurationIsVisible = 0;
			defaultConfigurationName = Release;
		};
		2ECA6047171B024E00F55660 /* Build configuration list for PBXNativeTarget "Matchnimals" */ = {
			isa = XCConfigurationList;
			buildConfigurations = (
				2ECA6048171B024E00F55660 /* Debug */,
				2ECA6049171B024E00F55660 /* Release */,
			);
			defaultConfigurationIsVisible = 0;
			defaultConfigurationName = Release;
		};
		2ECA604A171B024E00F55660 /* Build configuration list for PBXNativeTarget "MatchnimalsTests" */ = {
			isa = XCConfigurationList;
			buildConfigurations = (
				2ECA604B171B024E00F55660 /* Debug */,
				2ECA604C171B024E00F55660 /* Release */,
			);
			defaultConfigurationIsVisible = 0;
			defaultConfigurationName = Release;
		};
/* End XCConfigurationList section */
	};
	rootObject = 2ECA6007171B024D00F55660 /* Project object */;
}
